// !$*UTF8*$!
{
	archiveVersion = 1;
	classes = {
	};
	objectVersion = 56;
	objects = {

/* Begin PBXBuildFile section */
		103449882A71F2BC0096E45D /* AppDelegate.swift in Sources */ = {isa = PBXBuildFile; fileRef = 103449872A71F2BC0096E45D /* AppDelegate.swift */; };
		1034498A2A71F2BC0096E45D /* SceneDelegate.swift in Sources */ = {isa = PBXBuildFile; fileRef = 103449892A71F2BC0096E45D /* SceneDelegate.swift */; };
		1034498C2A71F2BC0096E45D /* ViewController.swift in Sources */ = {isa = PBXBuildFile; fileRef = 1034498B2A71F2BC0096E45D /* ViewController.swift */; };
		1034498F2A71F2BC0096E45D /* Main.storyboard in Resources */ = {isa = PBXBuildFile; fileRef = 1034498D2A71F2BC0096E45D /* Main.storyboard */; };
		103449912A71F2BD0096E45D /* Assets.xcassets in Resources */ = {isa = PBXBuildFile; fileRef = 103449902A71F2BD0096E45D /* Assets.xcassets */; };
		103449942A71F2BD0096E45D /* LaunchScreen.storyboard in Resources */ = {isa = PBXBuildFile; fileRef = 103449922A71F2BD0096E45D /* LaunchScreen.storyboard */; };
		103449A12A71F4B80096E45D /* SnapKit-Dynamic in Frameworks */ = {isa = PBXBuildFile; productRef = 103449A02A71F4B80096E45D /* SnapKit-Dynamic */; };
		103449A32A720B6C0096E45D /* TabBarViewController.swift in Sources */ = {isa = PBXBuildFile; fileRef = 103449A22A720B6C0096E45D /* TabBarViewController.swift */; };
		103449A62A720E7F0096E45D /* Extension.swift in Sources */ = {isa = PBXBuildFile; fileRef = 103449A52A720E7F0096E45D /* Extension.swift */; };
		103449A92A725A110096E45D /* HomeViewController.swift in Sources */ = {isa = PBXBuildFile; fileRef = 103449A82A725A110096E45D /* HomeViewController.swift */; };
		103449AB2A725D8F0096E45D /* RecipeCell.swift in Sources */ = {isa = PBXBuildFile; fileRef = 103449AA2A725D8F0096E45D /* RecipeCell.swift */; };
		103449AE2A726F2E0096E45D /* HomeViewController+TableViewController.swift in Sources */ = {isa = PBXBuildFile; fileRef = 103449AD2A726F2E0096E45D /* HomeViewController+TableViewController.swift */; };
		103449B02A729D460096E45D /* AddViewController.swift in Sources */ = {isa = PBXBuildFile; fileRef = 103449AF2A729D460096E45D /* AddViewController.swift */; };
		103449B42A72B4B60096E45D /* PhotoCell.swift in Sources */ = {isa = PBXBuildFile; fileRef = 103449B32A72B4B60096E45D /* PhotoCell.swift */; };
		103449B62A73AAAA0096E45D /* IngredientsCell.swift in Sources */ = {isa = PBXBuildFile; fileRef = 103449B52A73AAAA0096E45D /* IngredientsCell.swift */; };
/* End PBXBuildFile section */

/* Begin PBXFileReference section */
		103449842A71F2BC0096E45D /* DongJibSa.app */ = {isa = PBXFileReference; explicitFileType = wrapper.application; includeInIndex = 0; path = DongJibSa.app; sourceTree = BUILT_PRODUCTS_DIR; };
		103449872A71F2BC0096E45D /* AppDelegate.swift */ = {isa = PBXFileReference; lastKnownFileType = sourcecode.swift; path = AppDelegate.swift; sourceTree = "<group>"; };
		103449892A71F2BC0096E45D /* SceneDelegate.swift */ = {isa = PBXFileReference; lastKnownFileType = sourcecode.swift; path = SceneDelegate.swift; sourceTree = "<group>"; };
		1034498B2A71F2BC0096E45D /* ViewController.swift */ = {isa = PBXFileReference; lastKnownFileType = sourcecode.swift; path = ViewController.swift; sourceTree = "<group>"; };
		1034498E2A71F2BC0096E45D /* Base */ = {isa = PBXFileReference; lastKnownFileType = file.storyboard; name = Base; path = Base.lproj/Main.storyboard; sourceTree = "<group>"; };
		103449902A71F2BD0096E45D /* Assets.xcassets */ = {isa = PBXFileReference; lastKnownFileType = folder.assetcatalog; path = Assets.xcassets; sourceTree = "<group>"; };
		103449932A71F2BD0096E45D /* Base */ = {isa = PBXFileReference; lastKnownFileType = file.storyboard; name = Base; path = Base.lproj/LaunchScreen.storyboard; sourceTree = "<group>"; };
		103449952A71F2BD0096E45D /* Info.plist */ = {isa = PBXFileReference; lastKnownFileType = text.plist.xml; path = Info.plist; sourceTree = "<group>"; };
		103449A22A720B6C0096E45D /* TabBarViewController.swift */ = {isa = PBXFileReference; lastKnownFileType = sourcecode.swift; path = TabBarViewController.swift; sourceTree = "<group>"; };
		103449A52A720E7F0096E45D /* Extension.swift */ = {isa = PBXFileReference; lastKnownFileType = sourcecode.swift; path = Extension.swift; sourceTree = "<group>"; };
		103449A82A725A110096E45D /* HomeViewController.swift */ = {isa = PBXFileReference; lastKnownFileType = sourcecode.swift; path = HomeViewController.swift; sourceTree = "<group>"; };
		103449AA2A725D8F0096E45D /* RecipeCell.swift */ = {isa = PBXFileReference; lastKnownFileType = sourcecode.swift; path = RecipeCell.swift; sourceTree = "<group>"; };
		103449AD2A726F2E0096E45D /* HomeViewController+TableViewController.swift */ = {isa = PBXFileReference; lastKnownFileType = sourcecode.swift; path = "HomeViewController+TableViewController.swift"; sourceTree = "<group>"; };
		103449AF2A729D460096E45D /* AddViewController.swift */ = {isa = PBXFileReference; lastKnownFileType = sourcecode.swift; path = AddViewController.swift; sourceTree = "<group>"; };
		103449B32A72B4B60096E45D /* PhotoCell.swift */ = {isa = PBXFileReference; lastKnownFileType = sourcecode.swift; path = PhotoCell.swift; sourceTree = "<group>"; };
		103449B52A73AAAA0096E45D /* IngredientsCell.swift */ = {isa = PBXFileReference; lastKnownFileType = sourcecode.swift; path = IngredientsCell.swift; sourceTree = "<group>"; };
/* End PBXFileReference section */

/* Begin PBXFrameworksBuildPhase section */
		103449812A71F2BC0096E45D /* Frameworks */ = {
			isa = PBXFrameworksBuildPhase;
			buildActionMask = 2147483647;
			files = (
				103449A12A71F4B80096E45D /* SnapKit-Dynamic in Frameworks */,
			);
			runOnlyForDeploymentPostprocessing = 0;
		};
/* End PBXFrameworksBuildPhase section */

/* Begin PBXGroup section */
		1034497B2A71F2BC0096E45D = {
			isa = PBXGroup;
			children = (
				103449862A71F2BC0096E45D /* DongJibSa */,
				103449852A71F2BC0096E45D /* Products */,
			);
			sourceTree = "<group>";
		};
		103449852A71F2BC0096E45D /* Products */ = {
			isa = PBXGroup;
			children = (
				103449842A71F2BC0096E45D /* DongJibSa.app */,
			);
			name = Products;
			sourceTree = "<group>";
		};
		103449862A71F2BC0096E45D /* DongJibSa */ = {
			isa = PBXGroup;
			children = (
				1034499E2A71F33A0096E45D /* Delegate */,
				1034499B2A71F31F0096E45D /* Model */,
				1034499C2A71F3280096E45D /* View */,
				1034499D2A71F32E0096E45D /* Controller */,
				103449A42A720E540096E45D /* Extensions */,
				103449902A71F2BD0096E45D /* Assets.xcassets */,
				103449922A71F2BD0096E45D /* LaunchScreen.storyboard */,
				103449952A71F2BD0096E45D /* Info.plist */,
			);
			path = DongJibSa;
			sourceTree = "<group>";
		};
		1034499B2A71F31F0096E45D /* Model */ = {
			isa = PBXGroup;
			children = (
			);
			path = Model;
			sourceTree = "<group>";
		};
		1034499C2A71F3280096E45D /* View */ = {
			isa = PBXGroup;
			children = (
				1034498D2A71F2BC0096E45D /* Main.storyboard */,
				103449AC2A725D960096E45D /* CustomCells */,
			);
			path = View;
			sourceTree = "<group>";
		};
		1034499D2A71F32E0096E45D /* Controller */ = {
			isa = PBXGroup;
			children = (
				1034498B2A71F2BC0096E45D /* ViewController.swift */,
				103449A22A720B6C0096E45D /* TabBarViewController.swift */,
				103449A72A7259DC0096E45D /* Home */,
			);
			path = Controller;
			sourceTree = "<group>";
		};
		1034499E2A71F33A0096E45D /* Delegate */ = {
			isa = PBXGroup;
			children = (
				103449872A71F2BC0096E45D /* AppDelegate.swift */,
				103449892A71F2BC0096E45D /* SceneDelegate.swift */,
			);
			path = Delegate;
			sourceTree = "<group>";
		};
		103449A42A720E540096E45D /* Extensions */ = {
			isa = PBXGroup;
			children = (
				103449A52A720E7F0096E45D /* Extension.swift */,
			);
			path = Extensions;
			sourceTree = "<group>";
		};
		103449A72A7259DC0096E45D /* Home */ = {
			isa = PBXGroup;
			children = (
				103449A82A725A110096E45D /* HomeViewController.swift */,
				103449AD2A726F2E0096E45D /* HomeViewController+TableViewController.swift */,
				103449AF2A729D460096E45D /* AddViewController.swift */,
			);
			path = Home;
			sourceTree = "<group>";
		};
		103449AC2A725D960096E45D /* CustomCells */ = {
			isa = PBXGroup;
			children = (
				103449AA2A725D8F0096E45D /* RecipeCell.swift */,
				103449B32A72B4B60096E45D /* PhotoCell.swift */,
				103449B52A73AAAA0096E45D /* IngredientsCell.swift */,
			);
			path = CustomCells;
			sourceTree = "<group>";
		};
/* End PBXGroup section */

/* Begin PBXNativeTarget section */
		103449832A71F2BC0096E45D /* DongJibSa */ = {
			isa = PBXNativeTarget;
			buildConfigurationList = 103449982A71F2BD0096E45D /* Build configuration list for PBXNativeTarget "DongJibSa" */;
			buildPhases = (
				103449802A71F2BC0096E45D /* Sources */,
				103449812A71F2BC0096E45D /* Frameworks */,
				103449822A71F2BC0096E45D /* Resources */,
			);
			buildRules = (
			);
			dependencies = (
			);
			name = DongJibSa;
			packageProductDependencies = (
				103449A02A71F4B80096E45D /* SnapKit-Dynamic */,
			);
			productName = DongJibSa;
			productReference = 103449842A71F2BC0096E45D /* DongJibSa.app */;
			productType = "com.apple.product-type.application";
		};
/* End PBXNativeTarget section */

/* Begin PBXProject section */
		1034497C2A71F2BC0096E45D /* Project object */ = {
			isa = PBXProject;
			attributes = {
				BuildIndependentTargetsInParallel = 1;
				LastSwiftUpdateCheck = 1420;
				LastUpgradeCheck = 1420;
				TargetAttributes = {
					103449832A71F2BC0096E45D = {
						CreatedOnToolsVersion = 14.2;
					};
				};
			};
			buildConfigurationList = 1034497F2A71F2BC0096E45D /* Build configuration list for PBXProject "DongJibSa" */;
			compatibilityVersion = "Xcode 14.0";
			developmentRegion = en;
			hasScannedForEncodings = 0;
			knownRegions = (
				en,
				Base,
			);
			mainGroup = 1034497B2A71F2BC0096E45D;
			packageReferences = (
				1034499F2A71F4B80096E45D /* XCRemoteSwiftPackageReference "SnapKit" */,
			);
			productRefGroup = 103449852A71F2BC0096E45D /* Products */;
			projectDirPath = "";
			projectRoot = "";
			targets = (
				103449832A71F2BC0096E45D /* DongJibSa */,
			);
		};
/* End PBXProject section */

/* Begin PBXResourcesBuildPhase section */
		103449822A71F2BC0096E45D /* Resources */ = {
			isa = PBXResourcesBuildPhase;
			buildActionMask = 2147483647;
			files = (
				103449942A71F2BD0096E45D /* LaunchScreen.storyboard in Resources */,
				103449912A71F2BD0096E45D /* Assets.xcassets in Resources */,
				1034498F2A71F2BC0096E45D /* Main.storyboard in Resources */,
			);
			runOnlyForDeploymentPostprocessing = 0;
		};
/* End PBXResourcesBuildPhase section */

/* Begin PBXSourcesBuildPhase section */
		103449802A71F2BC0096E45D /* Sources */ = {
			isa = PBXSourcesBuildPhase;
			buildActionMask = 2147483647;
			files = (
				103449A62A720E7F0096E45D /* Extension.swift in Sources */,
				103449AE2A726F2E0096E45D /* HomeViewController+TableViewController.swift in Sources */,
				103449B02A729D460096E45D /* AddViewController.swift in Sources */,
				103449A32A720B6C0096E45D /* TabBarViewController.swift in Sources */,
				1034498C2A71F2BC0096E45D /* ViewController.swift in Sources */,
				103449AB2A725D8F0096E45D /* RecipeCell.swift in Sources */,
				103449B42A72B4B60096E45D /* PhotoCell.swift in Sources */,
				103449882A71F2BC0096E45D /* AppDelegate.swift in Sources */,
				1034498A2A71F2BC0096E45D /* SceneDelegate.swift in Sources */,
				103449B62A73AAAA0096E45D /* IngredientsCell.swift in Sources */,
				103449A92A725A110096E45D /* HomeViewController.swift in Sources */,
			);
			runOnlyForDeploymentPostprocessing = 0;
		};
/* End PBXSourcesBuildPhase section */

/* Begin PBXVariantGroup section */
		1034498D2A71F2BC0096E45D /* Main.storyboard */ = {
			isa = PBXVariantGroup;
			children = (
				1034498E2A71F2BC0096E45D /* Base */,
			);
			name = Main.storyboard;
			sourceTree = "<group>";
		};
		103449922A71F2BD0096E45D /* LaunchScreen.storyboard */ = {
			isa = PBXVariantGroup;
			children = (
				103449932A71F2BD0096E45D /* Base */,
			);
			name = LaunchScreen.storyboard;
			sourceTree = "<group>";
		};
/* End PBXVariantGroup section */

/* Begin XCBuildConfiguration section */
		103449962A71F2BD0096E45D /* Debug */ = {
			isa = XCBuildConfiguration;
			buildSettings = {
				ALWAYS_SEARCH_USER_PATHS = NO;
				CLANG_ANALYZER_NONNULL = YES;
				CLANG_ANALYZER_NUMBER_OBJECT_CONVERSION = YES_AGGRESSIVE;
				CLANG_CXX_LANGUAGE_STANDARD = "gnu++20";
				CLANG_ENABLE_MODULES = YES;
				CLANG_ENABLE_OBJC_ARC = YES;
				CLANG_ENABLE_OBJC_WEAK = YES;
				CLANG_WARN_BLOCK_CAPTURE_AUTORELEASING = YES;
				CLANG_WARN_BOOL_CONVERSION = YES;
				CLANG_WARN_COMMA = YES;
				CLANG_WARN_CONSTANT_CONVERSION = YES;
				CLANG_WARN_DEPRECATED_OBJC_IMPLEMENTATIONS = YES;
				CLANG_WARN_DIRECT_OBJC_ISA_USAGE = YES_ERROR;
				CLANG_WARN_DOCUMENTATION_COMMENTS = YES;
				CLANG_WARN_EMPTY_BODY = YES;
				CLANG_WARN_ENUM_CONVERSION = YES;
				CLANG_WARN_INFINITE_RECURSION = YES;
				CLANG_WARN_INT_CONVERSION = YES;
				CLANG_WARN_NON_LITERAL_NULL_CONVERSION = YES;
				CLANG_WARN_OBJC_IMPLICIT_RETAIN_SELF = YES;
				CLANG_WARN_OBJC_LITERAL_CONVERSION = YES;
				CLANG_WARN_OBJC_ROOT_CLASS = YES_ERROR;
				CLANG_WARN_QUOTED_INCLUDE_IN_FRAMEWORK_HEADER = YES;
				CLANG_WARN_RANGE_LOOP_ANALYSIS = YES;
				CLANG_WARN_STRICT_PROTOTYPES = YES;
				CLANG_WARN_SUSPICIOUS_MOVE = YES;
				CLANG_WARN_UNGUARDED_AVAILABILITY = YES_AGGRESSIVE;
				CLANG_WARN_UNREACHABLE_CODE = YES;
				CLANG_WARN__DUPLICATE_METHOD_MATCH = YES;
				COPY_PHASE_STRIP = NO;
				DEBUG_INFORMATION_FORMAT = dwarf;
				ENABLE_STRICT_OBJC_MSGSEND = YES;
				ENABLE_TESTABILITY = YES;
				GCC_C_LANGUAGE_STANDARD = gnu11;
				GCC_DYNAMIC_NO_PIC = NO;
				GCC_NO_COMMON_BLOCKS = YES;
				GCC_OPTIMIZATION_LEVEL = 0;
				GCC_PREPROCESSOR_DEFINITIONS = (
					"DEBUG=1",
					"$(inherited)",
				);
				GCC_WARN_64_TO_32_BIT_CONVERSION = YES;
				GCC_WARN_ABOUT_RETURN_TYPE = YES_ERROR;
				GCC_WARN_UNDECLARED_SELECTOR = YES;
				GCC_WARN_UNINITIALIZED_AUTOS = YES_AGGRESSIVE;
				GCC_WARN_UNUSED_FUNCTION = YES;
				GCC_WARN_UNUSED_VARIABLE = YES;
				IPHONEOS_DEPLOYMENT_TARGET = 16.2;
				MTL_ENABLE_DEBUG_INFO = INCLUDE_SOURCE;
				MTL_FAST_MATH = YES;
				ONLY_ACTIVE_ARCH = YES;
				SDKROOT = iphoneos;
				SWIFT_ACTIVE_COMPILATION_CONDITIONS = DEBUG;
				SWIFT_OPTIMIZATION_LEVEL = "-Onone";
			};
			name = Debug;
		};
		103449972A71F2BD0096E45D /* Release */ = {
			isa = XCBuildConfiguration;
			buildSettings = {
				ALWAYS_SEARCH_USER_PATHS = NO;
				CLANG_ANALYZER_NONNULL = YES;
				CLANG_ANALYZER_NUMBER_OBJECT_CONVERSION = YES_AGGRESSIVE;
				CLANG_CXX_LANGUAGE_STANDARD = "gnu++20";
				CLANG_ENABLE_MODULES = YES;
				CLANG_ENABLE_OBJC_ARC = YES;
				CLANG_ENABLE_OBJC_WEAK = YES;
				CLANG_WARN_BLOCK_CAPTURE_AUTORELEASING = YES;
				CLANG_WARN_BOOL_CONVERSION = YES;
				CLANG_WARN_COMMA = YES;
				CLANG_WARN_CONSTANT_CONVERSION = YES;
				CLANG_WARN_DEPRECATED_OBJC_IMPLEMENTATIONS = YES;
				CLANG_WARN_DIRECT_OBJC_ISA_USAGE = YES_ERROR;
				CLANG_WARN_DOCUMENTATION_COMMENTS = YES;
				CLANG_WARN_EMPTY_BODY = YES;
				CLANG_WARN_ENUM_CONVERSION = YES;
				CLANG_WARN_INFINITE_RECURSION = YES;
				CLANG_WARN_INT_CONVERSION = YES;
				CLANG_WARN_NON_LITERAL_NULL_CONVERSION = YES;
				CLANG_WARN_OBJC_IMPLICIT_RETAIN_SELF = YES;
				CLANG_WARN_OBJC_LITERAL_CONVERSION = YES;
				CLANG_WARN_OBJC_ROOT_CLASS = YES_ERROR;
				CLANG_WARN_QUOTED_INCLUDE_IN_FRAMEWORK_HEADER = YES;
				CLANG_WARN_RANGE_LOOP_ANALYSIS = YES;
				CLANG_WARN_STRICT_PROTOTYPES = YES;
				CLANG_WARN_SUSPICIOUS_MOVE = YES;
				CLANG_WARN_UNGUARDED_AVAILABILITY = YES_AGGRESSIVE;
				CLANG_WARN_UNREACHABLE_CODE = YES;
				CLANG_WARN__DUPLICATE_METHOD_MATCH = YES;
				COPY_PHASE_STRIP = NO;
				DEBUG_INFORMATION_FORMAT = "dwarf-with-dsym";
				ENABLE_NS_ASSERTIONS = NO;
				ENABLE_STRICT_OBJC_MSGSEND = YES;
				GCC_C_LANGUAGE_STANDARD = gnu11;
				GCC_NO_COMMON_BLOCKS = YES;
				GCC_WARN_64_TO_32_BIT_CONVERSION = YES;
				GCC_WARN_ABOUT_RETURN_TYPE = YES_ERROR;
				GCC_WARN_UNDECLARED_SELECTOR = YES;
				GCC_WARN_UNINITIALIZED_AUTOS = YES_AGGRESSIVE;
				GCC_WARN_UNUSED_FUNCTION = YES;
				GCC_WARN_UNUSED_VARIABLE = YES;
				IPHONEOS_DEPLOYMENT_TARGET = 16.2;
				MTL_ENABLE_DEBUG_INFO = NO;
				MTL_FAST_MATH = YES;
				SDKROOT = iphoneos;
				SWIFT_COMPILATION_MODE = wholemodule;
				SWIFT_OPTIMIZATION_LEVEL = "-O";
				VALIDATE_PRODUCT = YES;
			};
			name = Release;
		};
		103449992A71F2BD0096E45D /* Debug */ = {
			isa = XCBuildConfiguration;
			buildSettings = {
				ASSETCATALOG_COMPILER_APPICON_NAME = AppIcon;
				ASSETCATALOG_COMPILER_GLOBAL_ACCENT_COLOR_NAME = AccentColor;
				CODE_SIGN_STYLE = Automatic;
				CURRENT_PROJECT_VERSION = 1;
				GENERATE_INFOPLIST_FILE = YES;
				INFOPLIST_FILE = DongJibSa/Info.plist;
				INFOPLIST_KEY_LSApplicationCategoryType = "public.app-category.lifestyle";
				INFOPLIST_KEY_UIApplicationSupportsIndirectInputEvents = YES;
				INFOPLIST_KEY_UILaunchStoryboardName = LaunchScreen;
				INFOPLIST_KEY_UIMainStoryboardFile = Main;
				INFOPLIST_KEY_UISupportedInterfaceOrientations = UIInterfaceOrientationPortrait;
				IPHONEOS_DEPLOYMENT_TARGET = 15.0;
				LD_RUNPATH_SEARCH_PATHS = (
					"$(inherited)",
					"@executable_path/Frameworks",
				);
				MARKETING_VERSION = 1.0;
				PRODUCT_BUNDLE_IDENTIFIER = com.hyeji.DongJibSa;
				PRODUCT_NAME = "$(TARGET_NAME)";
				SUPPORTED_PLATFORMS = "iphoneos iphonesimulator";
				SUPPORTS_MACCATALYST = NO;
				SUPPORTS_MAC_DESIGNED_FOR_IPHONE_IPAD = NO;
				SWIFT_EMIT_LOC_STRINGS = YES;
				SWIFT_VERSION = 5.0;
				TARGETED_DEVICE_FAMILY = "1,2";
			};
			name = Debug;
		};
		1034499A2A71F2BD0096E45D /* Release */ = {
			isa = XCBuildConfiguration;
			buildSettings = {
				ASSETCATALOG_COMPILER_APPICON_NAME = AppIcon;
				ASSETCATALOG_COMPILER_GLOBAL_ACCENT_COLOR_NAME = AccentColor;
				CODE_SIGN_STYLE = Automatic;
				CURRENT_PROJECT_VERSION = 1;
				GENERATE_INFOPLIST_FILE = YES;
				INFOPLIST_FILE = DongJibSa/Info.plist;
				INFOPLIST_KEY_LSApplicationCategoryType = "public.app-category.lifestyle";
				INFOPLIST_KEY_UIApplicationSupportsIndirectInputEvents = YES;
				INFOPLIST_KEY_UILaunchStoryboardName = LaunchScreen;
				INFOPLIST_KEY_UIMainStoryboardFile = Main;
				INFOPLIST_KEY_UISupportedInterfaceOrientations = UIInterfaceOrientationPortrait;
				IPHONEOS_DEPLOYMENT_TARGET = 15.0;
				LD_RUNPATH_SEARCH_PATHS = (
					"$(inherited)",
					"@executable_path/Frameworks",
				);
				MARKETING_VERSION = 1.0;
				PRODUCT_BUNDLE_IDENTIFIER = com.hyeji.DongJibSa;
				PRODUCT_NAME = "$(TARGET_NAME)";
				SUPPORTED_PLATFORMS = "iphoneos iphonesimulator";
				SUPPORTS_MACCATALYST = NO;
				SUPPORTS_MAC_DESIGNED_FOR_IPHONE_IPAD = NO;
				SWIFT_EMIT_LOC_STRINGS = YES;
				SWIFT_VERSION = 5.0;
				TARGETED_DEVICE_FAMILY = "1,2";
			};
			name = Release;
		};
/* End XCBuildConfiguration section */

/* Begin XCConfigurationList section */
		1034497F2A71F2BC0096E45D /* Build configuration list for PBXProject "DongJibSa" */ = {
			isa = XCConfigurationList;
			buildConfigurations = (
				103449962A71F2BD0096E45D /* Debug */,
				103449972A71F2BD0096E45D /* Release */,
			);
			defaultConfigurationIsVisible = 0;
			defaultConfigurationName = Release;
		};
		103449982A71F2BD0096E45D /* Build configuration list for PBXNativeTarget "DongJibSa" */ = {
			isa = XCConfigurationList;
			buildConfigurations = (
				103449992A71F2BD0096E45D /* Debug */,
				1034499A2A71F2BD0096E45D /* Release */,
			);
			defaultConfigurationIsVisible = 0;
			defaultConfigurationName = Release;
		};
/* End XCConfigurationList section */

/* Begin XCRemoteSwiftPackageReference section */
		1034499F2A71F4B80096E45D /* XCRemoteSwiftPackageReference "SnapKit" */ = {
			isa = XCRemoteSwiftPackageReference;
			repositoryURL = "https://github.com/SnapKit/SnapKit.git";
			requirement = {
				kind = upToNextMajorVersion;
				minimumVersion = 5.0.0;
			};
		};
/* End XCRemoteSwiftPackageReference section */

/* Begin XCSwiftPackageProductDependency section */
		103449A02A71F4B80096E45D /* SnapKit-Dynamic */ = {
			isa = XCSwiftPackageProductDependency;
			package = 1034499F2A71F4B80096E45D /* XCRemoteSwiftPackageReference "SnapKit" */;
			productName = "SnapKit-Dynamic";
		};
/* End XCSwiftPackageProductDependency section */
	};
	rootObject = 1034497C2A71F2BC0096E45D /* Project object */;
}
