// !$*UTF8*$!
{
	archiveVersion = 1;
	classes = {
	};
	objectVersion = 56;
	objects = {

/* Begin PBXBuildFile section */
		103449882A71F2BC0096E45D /* AppDelegate.swift in Sources */ = {isa = PBXBuildFile; fileRef = 103449872A71F2BC0096E45D /* AppDelegate.swift */; };
		1034498A2A71F2BC0096E45D /* SceneDelegate.swift in Sources */ = {isa = PBXBuildFile; fileRef = 103449892A71F2BC0096E45D /* SceneDelegate.swift */; };
		1034498F2A71F2BC0096E45D /* Main.storyboard in Resources */ = {isa = PBXBuildFile; fileRef = 1034498D2A71F2BC0096E45D /* Main.storyboard */; };
		103449912A71F2BD0096E45D /* Assets.xcassets in Resources */ = {isa = PBXBuildFile; fileRef = 103449902A71F2BD0096E45D /* Assets.xcassets */; };
		103449942A71F2BD0096E45D /* LaunchScreen.storyboard in Resources */ = {isa = PBXBuildFile; fileRef = 103449922A71F2BD0096E45D /* LaunchScreen.storyboard */; };
		103449A32A720B6C0096E45D /* TabBarViewController.swift in Sources */ = {isa = PBXBuildFile; fileRef = 103449A22A720B6C0096E45D /* TabBarViewController.swift */; };
		103449A62A720E7F0096E45D /* Extension.swift in Sources */ = {isa = PBXBuildFile; fileRef = 103449A52A720E7F0096E45D /* Extension.swift */; };
		103449A92A725A110096E45D /* HomeViewController.swift in Sources */ = {isa = PBXBuildFile; fileRef = 103449A82A725A110096E45D /* HomeViewController.swift */; };
		103449AB2A725D8F0096E45D /* RecipeCell.swift in Sources */ = {isa = PBXBuildFile; fileRef = 103449AA2A725D8F0096E45D /* RecipeCell.swift */; };
		103449AE2A726F2E0096E45D /* HomeViewController+TableViewController.swift in Sources */ = {isa = PBXBuildFile; fileRef = 103449AD2A726F2E0096E45D /* HomeViewController+TableViewController.swift */; };
		103449B02A729D460096E45D /* AddViewController.swift in Sources */ = {isa = PBXBuildFile; fileRef = 103449AF2A729D460096E45D /* AddViewController.swift */; };
		103449B42A72B4B60096E45D /* PhotoCell.swift in Sources */ = {isa = PBXBuildFile; fileRef = 103449B32A72B4B60096E45D /* PhotoCell.swift */; };
		103449B62A73AAAA0096E45D /* IngredientsCell.swift in Sources */ = {isa = PBXBuildFile; fileRef = 103449B52A73AAAA0096E45D /* IngredientsCell.swift */; };
		103449BC2A73F06C0096E45D /* DetailViewController.swift in Sources */ = {isa = PBXBuildFile; fileRef = 103449BB2A73F06C0096E45D /* DetailViewController.swift */; };
		103449BE2A7400900096E45D /* IngredientsInfoCell.swift in Sources */ = {isa = PBXBuildFile; fileRef = 103449BD2A7400900096E45D /* IngredientsInfoCell.swift */; };
		103449C02A7411460096E45D /* CommentCell.swift in Sources */ = {isa = PBXBuildFile; fileRef = 103449BF2A7411460096E45D /* CommentCell.swift */; };
		103449EA2A750EBF0096E45D /* Detail.storyboard in Resources */ = {isa = PBXBuildFile; fileRef = 103449E82A750EBF0096E45D /* Detail.storyboard */; };
		103449EE2A763C0D0096E45D /* DetailViewController+TableViewController.swift in Sources */ = {isa = PBXBuildFile; fileRef = 103449ED2A763C0D0096E45D /* DetailViewController+TableViewController.swift */; };
		103449F12A7641860096E45D /* MyPageViewController.swift in Sources */ = {isa = PBXBuildFile; fileRef = 103449F02A7641860096E45D /* MyPageViewController.swift */; };
		103449F32A7650750096E45D /* MyInfoCell.swift in Sources */ = {isa = PBXBuildFile; fileRef = 103449F22A7650750096E45D /* MyInfoCell.swift */; };
		103449F52A765AA80096E45D /* MyRecipeCell.swift in Sources */ = {isa = PBXBuildFile; fileRef = 103449F42A765AA80096E45D /* MyRecipeCell.swift */; };
		103449F72A765C2A0096E45D /* MyPageViewController+TableViewController.swift in Sources */ = {isa = PBXBuildFile; fileRef = 103449F62A765C2A0096E45D /* MyPageViewController+TableViewController.swift */; };
		103449F92A765E060096E45D /* MyPractice.swift in Sources */ = {isa = PBXBuildFile; fileRef = 103449F82A765E060096E45D /* MyPractice.swift */; };
		103449FB2A767F100096E45D /* AddRecipeViewController.swift in Sources */ = {isa = PBXBuildFile; fileRef = 103449FA2A767F100096E45D /* AddRecipeViewController.swift */; };
		103449FD2A76830C0096E45D /* TextFieldCell.swift in Sources */ = {isa = PBXBuildFile; fileRef = 103449FC2A76830C0096E45D /* TextFieldCell.swift */; };
		103449FF2A7692930096E45D /* DoneButtonCell.swift in Sources */ = {isa = PBXBuildFile; fileRef = 103449FE2A7692930096E45D /* DoneButtonCell.swift */; };
		10344A012A76940A0096E45D /* DetailTextViewCell.swift in Sources */ = {isa = PBXBuildFile; fileRef = 10344A002A76940A0096E45D /* DetailTextViewCell.swift */; };
		10344A032A7697550096E45D /* EmptyCell.swift in Sources */ = {isa = PBXBuildFile; fileRef = 10344A022A7697550096E45D /* EmptyCell.swift */; };
		10344A052A773E270096E45D /* AddRecipeViewController+TableViewController.swift in Sources */ = {isa = PBXBuildFile; fileRef = 10344A042A773E270096E45D /* AddRecipeViewController+TableViewController.swift */; };
		10344A072A773E770096E45D /* AddRecipeViewController+CollectionViewController.swift in Sources */ = {isa = PBXBuildFile; fileRef = 10344A062A773E770096E45D /* AddRecipeViewController+CollectionViewController.swift */; };
		10344A0B2A778A320096E45D /* RecipeInfoCell.swift in Sources */ = {isa = PBXBuildFile; fileRef = 10344A0A2A778A320096E45D /* RecipeInfoCell.swift */; };
		10344A112A7A03700096E45D /* OnboardingViewController.swift in Sources */ = {isa = PBXBuildFile; fileRef = 10344A102A7A03700096E45D /* OnboardingViewController.swift */; };
		10344A142A7A042D0096E45D /* Onboarding.storyboard in Resources */ = {isa = PBXBuildFile; fileRef = 10344A122A7A042D0096E45D /* Onboarding.storyboard */; };
		10344A162A7A546D0096E45D /* OnboardingImage.swift in Sources */ = {isa = PBXBuildFile; fileRef = 10344A152A7A546D0096E45D /* OnboardingImage.swift */; };
		10344A182A7A55AC0096E45D /* OnboardingImageCell.swift in Sources */ = {isa = PBXBuildFile; fileRef = 10344A172A7A55AC0096E45D /* OnboardingImageCell.swift */; };
		10344A1B2A7AA0EF0096E45D /* SearchViewController.swift in Sources */ = {isa = PBXBuildFile; fileRef = 10344A1A2A7AA0EF0096E45D /* SearchViewController.swift */; };
		10344A1D2A7AA3040096E45D /* SearchCell.swift in Sources */ = {isa = PBXBuildFile; fileRef = 10344A1C2A7AA3040096E45D /* SearchCell.swift */; };
		10344A1F2A7AA3CA0096E45D /* Menu.swift in Sources */ = {isa = PBXBuildFile; fileRef = 10344A1E2A7AA3CA0096E45D /* Menu.swift */; };
		10344A252A7BCF3B0096E45D /* Network.swift in Sources */ = {isa = PBXBuildFile; fileRef = 10344A242A7BCF3B0096E45D /* Network.swift */; };
		10344A272A7BCF870096E45D /* Board.swift in Sources */ = {isa = PBXBuildFile; fileRef = 10344A262A7BCF870096E45D /* Board.swift */; };
		10344A5B2A7D55160096E45D /* Indicator.swift in Sources */ = {isa = PBXBuildFile; fileRef = 10344A5A2A7D55160096E45D /* Indicator.swift */; };
		10344A5D2A7DD5DD0096E45D /* ImageCacheManager.swift in Sources */ = {isa = PBXBuildFile; fileRef = 10344A5C2A7DD5DD0096E45D /* ImageCacheManager.swift */; };
		10344A682A86776D0096E45D /* LocationSettingViewController.swift in Sources */ = {isa = PBXBuildFile; fileRef = 10344A672A86776D0096E45D /* LocationSettingViewController.swift */; };
		10344A6A2A8677AD0096E45D /* LocationCell.swift in Sources */ = {isa = PBXBuildFile; fileRef = 10344A692A8677AD0096E45D /* LocationCell.swift */; };
		10344A6C2A8677D20096E45D /* GuTableViewCell.swift in Sources */ = {isa = PBXBuildFile; fileRef = 10344A6B2A8677D20096E45D /* GuTableViewCell.swift */; };
		10344A6E2A8677F10096E45D /* DongTableViewCell.swift in Sources */ = {isa = PBXBuildFile; fileRef = 10344A6D2A8677F10096E45D /* DongTableViewCell.swift */; };
		10344A702A8678910096E45D /* LocationSettingViewController+UICollectionView.swift in Sources */ = {isa = PBXBuildFile; fileRef = 10344A6F2A8678910096E45D /* LocationSettingViewController+UICollectionView.swift */; };
		10344A722A8678BA0096E45D /* LocationSettingViewController+UITableView.swift in Sources */ = {isa = PBXBuildFile; fileRef = 10344A712A8678BA0096E45D /* LocationSettingViewController+UITableView.swift */; };
		10344A772A8F72C20096E45D /* SnapKit in Frameworks */ = {isa = PBXBuildFile; productRef = 10344A762A8F72C20096E45D /* SnapKit */; };
		10344A812A971F650096E45D /* LoginViewController.swift in Sources */ = {isa = PBXBuildFile; fileRef = 10344A802A971F650096E45D /* LoginViewController.swift */; };
		10344A832A97259C0096E45D /* Login.storyboard in Resources */ = {isa = PBXBuildFile; fileRef = 10344A822A97259C0096E45D /* Login.storyboard */; };
		10344A892A9BA5400096E45D /* LoginView.swift in Sources */ = {isa = PBXBuildFile; fileRef = 10344A882A9BA5400096E45D /* LoginView.swift */; };
		10344A8B2A9C3D970096E45D /* PhoneCertifyViewController.swift in Sources */ = {isa = PBXBuildFile; fileRef = 10344A8A2A9C3D970096E45D /* PhoneCertifyViewController.swift */; };
		10344A8D2A9C66B60096E45D /* PhoneCertifyView.swift in Sources */ = {isa = PBXBuildFile; fileRef = 10344A8C2A9C66B60096E45D /* PhoneCertifyView.swift */; };
		10344A8F2A9DAD360096E45D /* TermsOfServiceViewController.swift in Sources */ = {isa = PBXBuildFile; fileRef = 10344A8E2A9DAD360096E45D /* TermsOfServiceViewController.swift */; };
		10344A912A9DCA350096E45D /* TermsOfServiceView.swift in Sources */ = {isa = PBXBuildFile; fileRef = 10344A902A9DCA350096E45D /* TermsOfServiceView.swift */; };
		1044AC702B3EEF7100189F02 /* CustomButton.swift in Sources */ = {isa = PBXBuildFile; fileRef = 1044AC6F2B3EEF7100189F02 /* CustomButton.swift */; };
		1044AC872B3FED2100189F02 /* SettingViewController.swift in Sources */ = {isa = PBXBuildFile; fileRef = 1044AC862B3FED2100189F02 /* SettingViewController.swift */; };
		1044AC892B3FF04600189F02 /* DefaultSettingTableViewCell.swift in Sources */ = {isa = PBXBuildFile; fileRef = 1044AC882B3FF04600189F02 /* DefaultSettingTableViewCell.swift */; };
		1044AC8B2B404E3400189F02 /* CustomAlertViewController.swift in Sources */ = {isa = PBXBuildFile; fileRef = 1044AC8A2B404E3400189F02 /* CustomAlertViewController.swift */; };
		105B2CD22AEB809E00256FCA /* PhoneNumberFormat.swift in Sources */ = {isa = PBXBuildFile; fileRef = 105B2CD12AEB809E00256FCA /* PhoneNumberFormat.swift */; };
		10A443742B5A36E900E395AF /* ToolTipView.swift in Sources */ = {isa = PBXBuildFile; fileRef = 10A443732B5A36E900E395AF /* ToolTipView.swift */; };
		10A443762B5A404600E395AF /* ToolTip.swift in Sources */ = {isa = PBXBuildFile; fileRef = 10A443752B5A404600E395AF /* ToolTip.swift */; };
		10A443782B5A473800E395AF /* ToolTipButton.swift in Sources */ = {isa = PBXBuildFile; fileRef = 10A443772B5A473800E395AF /* ToolTipButton.swift */; };
		10A4437E2B5AA44A00E395AF /* ResponseRecipe.swift in Sources */ = {isa = PBXBuildFile; fileRef = 10A4437D2B5AA44A00E395AF /* ResponseRecipe.swift */; };
		10A443882B5E474A00E395AF /* ProfileHeaderView.swift in Sources */ = {isa = PBXBuildFile; fileRef = 10A443872B5E474A00E395AF /* ProfileHeaderView.swift */; };
		10A4438A2B5E47ED00E395AF /* Constant.swift in Sources */ = {isa = PBXBuildFile; fileRef = 10A443892B5E47ED00E395AF /* Constant.swift */; };
		10A4438C2B5E4F5F00E395AF /* RecipeTitleCell.swift in Sources */ = {isa = PBXBuildFile; fileRef = 10A4438B2B5E4F5F00E395AF /* RecipeTitleCell.swift */; };
		10A4438E2B5E53F900E395AF /* RecipeContentCell.swift in Sources */ = {isa = PBXBuildFile; fileRef = 10A4438D2B5E53F900E395AF /* RecipeContentCell.swift */; };
		10A443902B5E555700E395AF /* CalorieCell.swift in Sources */ = {isa = PBXBuildFile; fileRef = 10A4438F2B5E555700E395AF /* CalorieCell.swift */; };
		10A443922B5E79CA00E395AF /* IngredientHeaderView.swift in Sources */ = {isa = PBXBuildFile; fileRef = 10A443912B5E79CA00E395AF /* IngredientHeaderView.swift */; };
		10A443942B5E7C0B00E395AF /* CommentHeaderView.swift in Sources */ = {isa = PBXBuildFile; fileRef = 10A443932B5E7C0B00E395AF /* CommentHeaderView.swift */; };
		10A443962B5E7D7F00E395AF /* CommentTextFieldHeaderView.swift in Sources */ = {isa = PBXBuildFile; fileRef = 10A443952B5E7D7F00E395AF /* CommentTextFieldHeaderView.swift */; };
		10A443982B5E95AB00E395AF /* IngredientListCell.swift in Sources */ = {isa = PBXBuildFile; fileRef = 10A443972B5E95AB00E395AF /* IngredientListCell.swift */; };
		10C1CEE62B43EA4D000A6B99 /* SettingViewController+TableViewController.swift in Sources */ = {isa = PBXBuildFile; fileRef = 10C1CEE52B43EA4D000A6B99 /* SettingViewController+TableViewController.swift */; };
		10C1CEF02B442287000A6B99 /* MyPageBoardTitleView.swift in Sources */ = {isa = PBXBuildFile; fileRef = 10C1CEEF2B442287000A6B99 /* MyPageBoardTitleView.swift */; };
		10C1CEF22B44253B000A6B99 /* MyPageProfileView.swift in Sources */ = {isa = PBXBuildFile; fileRef = 10C1CEF12B44253B000A6B99 /* MyPageProfileView.swift */; };
		10C1CEF42B442AD3000A6B99 /* UpdateAndDeleteViewController.swift in Sources */ = {isa = PBXBuildFile; fileRef = 10C1CEF32B442AD3000A6B99 /* UpdateAndDeleteViewController.swift */; };
		10DEFC9D2B55043D00654B06 /* NickNameRandom.swift in Sources */ = {isa = PBXBuildFile; fileRef = 10DEFC9C2B55043D00654B06 /* NickNameRandom.swift */; };
		10DEFC9F2B55110900654B06 /* User.swift in Sources */ = {isa = PBXBuildFile; fileRef = 10DEFC9E2B55110900654B06 /* User.swift */; };
		10DEFCA32B56608900654B06 /* SecureAPIKeys.plist in Resources */ = {isa = PBXBuildFile; fileRef = 10DEFCA22B56608900654B06 /* SecureAPIKeys.plist */; };
		10E91DED2B51024000F1AB4C /* KakaoSDK in Frameworks */ = {isa = PBXBuildFile; productRef = 10E91DEC2B51024000F1AB4C /* KakaoSDK */; };
		10E91DEF2B51024000F1AB4C /* KakaoSDKAuth in Frameworks */ = {isa = PBXBuildFile; productRef = 10E91DEE2B51024000F1AB4C /* KakaoSDKAuth */; };
		10E91DF12B51024000F1AB4C /* KakaoSDKCert in Frameworks */ = {isa = PBXBuildFile; productRef = 10E91DF02B51024000F1AB4C /* KakaoSDKCert */; };
		10E91DF32B51024000F1AB4C /* KakaoSDKCertCore in Frameworks */ = {isa = PBXBuildFile; productRef = 10E91DF22B51024000F1AB4C /* KakaoSDKCertCore */; };
		10E91DF52B51024000F1AB4C /* KakaoSDKCommon in Frameworks */ = {isa = PBXBuildFile; productRef = 10E91DF42B51024000F1AB4C /* KakaoSDKCommon */; };
		10E91DF72B511B4C00F1AB4C /* LoginType.swift in Sources */ = {isa = PBXBuildFile; fileRef = 10E91DF62B511B4C00F1AB4C /* LoginType.swift */; };
		10EACEFF2B60CD25008DD202 /* TitleView.swift in Sources */ = {isa = PBXBuildFile; fileRef = 10EACEFE2B60CD25008DD202 /* TitleView.swift */; };
		10EACF062B62750F008DD202 /* GoogleService-Info.plist in Resources */ = {isa = PBXBuildFile; fileRef = 10EACF052B62750E008DD202 /* GoogleService-Info.plist */; };
		10EACF092B627710008DD202 /* FirebaseDatabase in Frameworks */ = {isa = PBXBuildFile; productRef = 10EACF082B627710008DD202 /* FirebaseDatabase */; };
		10EACF0B2B6298D0008DD202 /* ButtonTappedDelegate.swift in Sources */ = {isa = PBXBuildFile; fileRef = 10EACF0A2B6298D0008DD202 /* ButtonTappedDelegate.swift */; };
		10EACF0D2B62A0F8008DD202 /* Comment.swift in Sources */ = {isa = PBXBuildFile; fileRef = 10EACF0C2B62A0F8008DD202 /* Comment.swift */; };
		10EACF0F2B62A6F4008DD202 /* CollectionCommentCell.swift in Sources */ = {isa = PBXBuildFile; fileRef = 10EACF0E2B62A6F4008DD202 /* CollectionCommentCell.swift */; };
		10EACF112B62A8DD008DD202 /* CommentCollectionViewCell.swift in Sources */ = {isa = PBXBuildFile; fileRef = 10EACF102B62A8DD008DD202 /* CommentCollectionViewCell.swift */; };
		10EACF132B63681D008DD202 /* EmptyView.swift in Sources */ = {isa = PBXBuildFile; fileRef = 10EACF122B63681D008DD202 /* EmptyView.swift */; };
		10EACF152B636E17008DD202 /* EmptyListCell.swift in Sources */ = {isa = PBXBuildFile; fileRef = 10EACF142B636E17008DD202 /* EmptyListCell.swift */; };
		10EBA1F02ADD5A45006D3828 /* FirebaseAnalytics in Frameworks */ = {isa = PBXBuildFile; productRef = 10EBA1EF2ADD5A45006D3828 /* FirebaseAnalytics */; };
		10EBA1F22ADD5A45006D3828 /* FirebaseAuth in Frameworks */ = {isa = PBXBuildFile; productRef = 10EBA1F12ADD5A45006D3828 /* FirebaseAuth */; };
/* End PBXBuildFile section */

/* Begin PBXFileReference section */
		103449842A71F2BC0096E45D /* DongJibSa.app */ = {isa = PBXFileReference; explicitFileType = wrapper.application; includeInIndex = 0; path = DongJibSa.app; sourceTree = BUILT_PRODUCTS_DIR; };
		103449872A71F2BC0096E45D /* AppDelegate.swift */ = {isa = PBXFileReference; lastKnownFileType = sourcecode.swift; path = AppDelegate.swift; sourceTree = "<group>"; };
		103449892A71F2BC0096E45D /* SceneDelegate.swift */ = {isa = PBXFileReference; lastKnownFileType = sourcecode.swift; path = SceneDelegate.swift; sourceTree = "<group>"; };
		1034498E2A71F2BC0096E45D /* Base */ = {isa = PBXFileReference; lastKnownFileType = file.storyboard; name = Base; path = Base.lproj/Main.storyboard; sourceTree = "<group>"; };
		103449902A71F2BD0096E45D /* Assets.xcassets */ = {isa = PBXFileReference; lastKnownFileType = folder.assetcatalog; path = Assets.xcassets; sourceTree = "<group>"; };
		103449932A71F2BD0096E45D /* Base */ = {isa = PBXFileReference; lastKnownFileType = file.storyboard; name = Base; path = Base.lproj/LaunchScreen.storyboard; sourceTree = "<group>"; };
		103449952A71F2BD0096E45D /* Info.plist */ = {isa = PBXFileReference; lastKnownFileType = text.plist.xml; path = Info.plist; sourceTree = "<group>"; };
		103449A22A720B6C0096E45D /* TabBarViewController.swift */ = {isa = PBXFileReference; lastKnownFileType = sourcecode.swift; path = TabBarViewController.swift; sourceTree = "<group>"; };
		103449A52A720E7F0096E45D /* Extension.swift */ = {isa = PBXFileReference; lastKnownFileType = sourcecode.swift; path = Extension.swift; sourceTree = "<group>"; };
		103449A82A725A110096E45D /* HomeViewController.swift */ = {isa = PBXFileReference; lastKnownFileType = sourcecode.swift; path = HomeViewController.swift; sourceTree = "<group>"; };
		103449AA2A725D8F0096E45D /* RecipeCell.swift */ = {isa = PBXFileReference; lastKnownFileType = sourcecode.swift; path = RecipeCell.swift; sourceTree = "<group>"; };
		103449AD2A726F2E0096E45D /* HomeViewController+TableViewController.swift */ = {isa = PBXFileReference; lastKnownFileType = sourcecode.swift; path = "HomeViewController+TableViewController.swift"; sourceTree = "<group>"; };
		103449AF2A729D460096E45D /* AddViewController.swift */ = {isa = PBXFileReference; lastKnownFileType = sourcecode.swift; path = AddViewController.swift; sourceTree = "<group>"; };
		103449B32A72B4B60096E45D /* PhotoCell.swift */ = {isa = PBXFileReference; lastKnownFileType = sourcecode.swift; path = PhotoCell.swift; sourceTree = "<group>"; };
		103449B52A73AAAA0096E45D /* IngredientsCell.swift */ = {isa = PBXFileReference; lastKnownFileType = sourcecode.swift; path = IngredientsCell.swift; sourceTree = "<group>"; };
		103449BB2A73F06C0096E45D /* DetailViewController.swift */ = {isa = PBXFileReference; lastKnownFileType = sourcecode.swift; path = DetailViewController.swift; sourceTree = "<group>"; };
		103449BD2A7400900096E45D /* IngredientsInfoCell.swift */ = {isa = PBXFileReference; lastKnownFileType = sourcecode.swift; path = IngredientsInfoCell.swift; sourceTree = "<group>"; };
		103449BF2A7411460096E45D /* CommentCell.swift */ = {isa = PBXFileReference; lastKnownFileType = sourcecode.swift; path = CommentCell.swift; sourceTree = "<group>"; };
		103449E92A750EBF0096E45D /* Base */ = {isa = PBXFileReference; lastKnownFileType = file.storyboard; name = Base; path = DongJibSa/View/Base.lproj/Detail.storyboard; sourceTree = "<group>"; };
		103449ED2A763C0D0096E45D /* DetailViewController+TableViewController.swift */ = {isa = PBXFileReference; lastKnownFileType = sourcecode.swift; path = "DetailViewController+TableViewController.swift"; sourceTree = "<group>"; };
		103449F02A7641860096E45D /* MyPageViewController.swift */ = {isa = PBXFileReference; lastKnownFileType = sourcecode.swift; path = MyPageViewController.swift; sourceTree = "<group>"; };
		103449F22A7650750096E45D /* MyInfoCell.swift */ = {isa = PBXFileReference; lastKnownFileType = sourcecode.swift; path = MyInfoCell.swift; sourceTree = "<group>"; };
		103449F42A765AA80096E45D /* MyRecipeCell.swift */ = {isa = PBXFileReference; lastKnownFileType = sourcecode.swift; path = MyRecipeCell.swift; sourceTree = "<group>"; };
		103449F62A765C2A0096E45D /* MyPageViewController+TableViewController.swift */ = {isa = PBXFileReference; lastKnownFileType = sourcecode.swift; path = "MyPageViewController+TableViewController.swift"; sourceTree = "<group>"; };
		103449F82A765E060096E45D /* MyPractice.swift */ = {isa = PBXFileReference; lastKnownFileType = sourcecode.swift; path = MyPractice.swift; sourceTree = "<group>"; };
		103449FA2A767F100096E45D /* AddRecipeViewController.swift */ = {isa = PBXFileReference; lastKnownFileType = sourcecode.swift; path = AddRecipeViewController.swift; sourceTree = "<group>"; };
		103449FC2A76830C0096E45D /* TextFieldCell.swift */ = {isa = PBXFileReference; lastKnownFileType = sourcecode.swift; path = TextFieldCell.swift; sourceTree = "<group>"; };
		103449FE2A7692930096E45D /* DoneButtonCell.swift */ = {isa = PBXFileReference; lastKnownFileType = sourcecode.swift; path = DoneButtonCell.swift; sourceTree = "<group>"; };
		10344A002A76940A0096E45D /* DetailTextViewCell.swift */ = {isa = PBXFileReference; lastKnownFileType = sourcecode.swift; path = DetailTextViewCell.swift; sourceTree = "<group>"; };
		10344A022A7697550096E45D /* EmptyCell.swift */ = {isa = PBXFileReference; lastKnownFileType = sourcecode.swift; path = EmptyCell.swift; sourceTree = "<group>"; };
		10344A042A773E270096E45D /* AddRecipeViewController+TableViewController.swift */ = {isa = PBXFileReference; lastKnownFileType = sourcecode.swift; path = "AddRecipeViewController+TableViewController.swift"; sourceTree = "<group>"; };
		10344A062A773E770096E45D /* AddRecipeViewController+CollectionViewController.swift */ = {isa = PBXFileReference; lastKnownFileType = sourcecode.swift; path = "AddRecipeViewController+CollectionViewController.swift"; sourceTree = "<group>"; };
		10344A0A2A778A320096E45D /* RecipeInfoCell.swift */ = {isa = PBXFileReference; lastKnownFileType = sourcecode.swift; path = RecipeInfoCell.swift; sourceTree = "<group>"; };
		10344A102A7A03700096E45D /* OnboardingViewController.swift */ = {isa = PBXFileReference; lastKnownFileType = sourcecode.swift; path = OnboardingViewController.swift; sourceTree = "<group>"; };
		10344A132A7A042D0096E45D /* Base */ = {isa = PBXFileReference; lastKnownFileType = file.storyboard; name = Base; path = DongJibSa/View/Base.lproj/Onboarding.storyboard; sourceTree = "<group>"; };
		10344A152A7A546D0096E45D /* OnboardingImage.swift */ = {isa = PBXFileReference; lastKnownFileType = sourcecode.swift; path = OnboardingImage.swift; sourceTree = "<group>"; };
		10344A172A7A55AC0096E45D /* OnboardingImageCell.swift */ = {isa = PBXFileReference; lastKnownFileType = sourcecode.swift; path = OnboardingImageCell.swift; sourceTree = "<group>"; };
		10344A1A2A7AA0EF0096E45D /* SearchViewController.swift */ = {isa = PBXFileReference; lastKnownFileType = sourcecode.swift; path = SearchViewController.swift; sourceTree = "<group>"; };
		10344A1C2A7AA3040096E45D /* SearchCell.swift */ = {isa = PBXFileReference; lastKnownFileType = sourcecode.swift; path = SearchCell.swift; sourceTree = "<group>"; };
		10344A1E2A7AA3CA0096E45D /* Menu.swift */ = {isa = PBXFileReference; lastKnownFileType = sourcecode.swift; path = Menu.swift; sourceTree = "<group>"; };
		10344A242A7BCF3B0096E45D /* Network.swift */ = {isa = PBXFileReference; lastKnownFileType = sourcecode.swift; path = Network.swift; sourceTree = "<group>"; };
		10344A262A7BCF870096E45D /* Board.swift */ = {isa = PBXFileReference; lastKnownFileType = sourcecode.swift; path = Board.swift; sourceTree = "<group>"; };
		10344A5A2A7D55160096E45D /* Indicator.swift */ = {isa = PBXFileReference; lastKnownFileType = sourcecode.swift; path = Indicator.swift; sourceTree = "<group>"; };
		10344A5C2A7DD5DD0096E45D /* ImageCacheManager.swift */ = {isa = PBXFileReference; lastKnownFileType = sourcecode.swift; path = ImageCacheManager.swift; sourceTree = "<group>"; };
		10344A672A86776D0096E45D /* LocationSettingViewController.swift */ = {isa = PBXFileReference; lastKnownFileType = sourcecode.swift; path = LocationSettingViewController.swift; sourceTree = "<group>"; };
		10344A692A8677AD0096E45D /* LocationCell.swift */ = {isa = PBXFileReference; lastKnownFileType = sourcecode.swift; path = LocationCell.swift; sourceTree = "<group>"; };
		10344A6B2A8677D20096E45D /* GuTableViewCell.swift */ = {isa = PBXFileReference; lastKnownFileType = sourcecode.swift; path = GuTableViewCell.swift; sourceTree = "<group>"; };
		10344A6D2A8677F10096E45D /* DongTableViewCell.swift */ = {isa = PBXFileReference; lastKnownFileType = sourcecode.swift; path = DongTableViewCell.swift; sourceTree = "<group>"; };
		10344A6F2A8678910096E45D /* LocationSettingViewController+UICollectionView.swift */ = {isa = PBXFileReference; lastKnownFileType = sourcecode.swift; path = "LocationSettingViewController+UICollectionView.swift"; sourceTree = "<group>"; };
		10344A712A8678BA0096E45D /* LocationSettingViewController+UITableView.swift */ = {isa = PBXFileReference; lastKnownFileType = sourcecode.swift; path = "LocationSettingViewController+UITableView.swift"; sourceTree = "<group>"; };
		10344A802A971F650096E45D /* LoginViewController.swift */ = {isa = PBXFileReference; lastKnownFileType = sourcecode.swift; path = LoginViewController.swift; sourceTree = "<group>"; };
		10344A822A97259C0096E45D /* Login.storyboard */ = {isa = PBXFileReference; lastKnownFileType = file.storyboard; path = Login.storyboard; sourceTree = "<group>"; };
		10344A882A9BA5400096E45D /* LoginView.swift */ = {isa = PBXFileReference; lastKnownFileType = sourcecode.swift; path = LoginView.swift; sourceTree = "<group>"; };
		10344A8A2A9C3D970096E45D /* PhoneCertifyViewController.swift */ = {isa = PBXFileReference; lastKnownFileType = sourcecode.swift; path = PhoneCertifyViewController.swift; sourceTree = "<group>"; };
		10344A8C2A9C66B60096E45D /* PhoneCertifyView.swift */ = {isa = PBXFileReference; lastKnownFileType = sourcecode.swift; path = PhoneCertifyView.swift; sourceTree = "<group>"; };
		10344A8E2A9DAD360096E45D /* TermsOfServiceViewController.swift */ = {isa = PBXFileReference; lastKnownFileType = sourcecode.swift; path = TermsOfServiceViewController.swift; sourceTree = "<group>"; };
		10344A902A9DCA350096E45D /* TermsOfServiceView.swift */ = {isa = PBXFileReference; lastKnownFileType = sourcecode.swift; path = TermsOfServiceView.swift; sourceTree = "<group>"; };
		1044AC6F2B3EEF7100189F02 /* CustomButton.swift */ = {isa = PBXFileReference; lastKnownFileType = sourcecode.swift; path = CustomButton.swift; sourceTree = "<group>"; };
		1044AC862B3FED2100189F02 /* SettingViewController.swift */ = {isa = PBXFileReference; lastKnownFileType = sourcecode.swift; path = SettingViewController.swift; sourceTree = "<group>"; };
		1044AC882B3FF04600189F02 /* DefaultSettingTableViewCell.swift */ = {isa = PBXFileReference; lastKnownFileType = sourcecode.swift; path = DefaultSettingTableViewCell.swift; sourceTree = "<group>"; };
		1044AC8A2B404E3400189F02 /* CustomAlertViewController.swift */ = {isa = PBXFileReference; lastKnownFileType = sourcecode.swift; path = CustomAlertViewController.swift; sourceTree = "<group>"; };
		105B2CD12AEB809E00256FCA /* PhoneNumberFormat.swift */ = {isa = PBXFileReference; lastKnownFileType = sourcecode.swift; path = PhoneNumberFormat.swift; sourceTree = "<group>"; };
		10A443732B5A36E900E395AF /* ToolTipView.swift */ = {isa = PBXFileReference; lastKnownFileType = sourcecode.swift; path = ToolTipView.swift; sourceTree = "<group>"; };
		10A443752B5A404600E395AF /* ToolTip.swift */ = {isa = PBXFileReference; lastKnownFileType = sourcecode.swift; path = ToolTip.swift; sourceTree = "<group>"; };
		10A443772B5A473800E395AF /* ToolTipButton.swift */ = {isa = PBXFileReference; lastKnownFileType = sourcecode.swift; path = ToolTipButton.swift; sourceTree = "<group>"; };
		10A4437D2B5AA44A00E395AF /* ResponseRecipe.swift */ = {isa = PBXFileReference; lastKnownFileType = sourcecode.swift; path = ResponseRecipe.swift; sourceTree = "<group>"; };
		10A443872B5E474A00E395AF /* ProfileHeaderView.swift */ = {isa = PBXFileReference; lastKnownFileType = sourcecode.swift; path = ProfileHeaderView.swift; sourceTree = "<group>"; };
		10A443892B5E47ED00E395AF /* Constant.swift */ = {isa = PBXFileReference; lastKnownFileType = sourcecode.swift; path = Constant.swift; sourceTree = "<group>"; };
		10A4438B2B5E4F5F00E395AF /* RecipeTitleCell.swift */ = {isa = PBXFileReference; lastKnownFileType = sourcecode.swift; path = RecipeTitleCell.swift; sourceTree = "<group>"; };
		10A4438D2B5E53F900E395AF /* RecipeContentCell.swift */ = {isa = PBXFileReference; lastKnownFileType = sourcecode.swift; path = RecipeContentCell.swift; sourceTree = "<group>"; };
		10A4438F2B5E555700E395AF /* CalorieCell.swift */ = {isa = PBXFileReference; lastKnownFileType = sourcecode.swift; path = CalorieCell.swift; sourceTree = "<group>"; };
		10A443912B5E79CA00E395AF /* IngredientHeaderView.swift */ = {isa = PBXFileReference; lastKnownFileType = sourcecode.swift; path = IngredientHeaderView.swift; sourceTree = "<group>"; };
		10A443932B5E7C0B00E395AF /* CommentHeaderView.swift */ = {isa = PBXFileReference; lastKnownFileType = sourcecode.swift; path = CommentHeaderView.swift; sourceTree = "<group>"; };
		10A443952B5E7D7F00E395AF /* CommentTextFieldHeaderView.swift */ = {isa = PBXFileReference; lastKnownFileType = sourcecode.swift; path = CommentTextFieldHeaderView.swift; sourceTree = "<group>"; };
		10A443972B5E95AB00E395AF /* IngredientListCell.swift */ = {isa = PBXFileReference; lastKnownFileType = sourcecode.swift; path = IngredientListCell.swift; sourceTree = "<group>"; };
		10C1CEE52B43EA4D000A6B99 /* SettingViewController+TableViewController.swift */ = {isa = PBXFileReference; lastKnownFileType = sourcecode.swift; path = "SettingViewController+TableViewController.swift"; sourceTree = "<group>"; };
		10C1CEEF2B442287000A6B99 /* MyPageBoardTitleView.swift */ = {isa = PBXFileReference; lastKnownFileType = sourcecode.swift; path = MyPageBoardTitleView.swift; sourceTree = "<group>"; };
		10C1CEF12B44253B000A6B99 /* MyPageProfileView.swift */ = {isa = PBXFileReference; lastKnownFileType = sourcecode.swift; path = MyPageProfileView.swift; sourceTree = "<group>"; };
		10C1CEF32B442AD3000A6B99 /* UpdateAndDeleteViewController.swift */ = {isa = PBXFileReference; lastKnownFileType = sourcecode.swift; path = UpdateAndDeleteViewController.swift; sourceTree = "<group>"; };
		10DEFC9C2B55043D00654B06 /* NickNameRandom.swift */ = {isa = PBXFileReference; lastKnownFileType = sourcecode.swift; path = NickNameRandom.swift; sourceTree = "<group>"; };
		10DEFC9E2B55110900654B06 /* User.swift */ = {isa = PBXFileReference; lastKnownFileType = sourcecode.swift; path = User.swift; sourceTree = "<group>"; };
		10DEFCA22B56608900654B06 /* SecureAPIKeys.plist */ = {isa = PBXFileReference; lastKnownFileType = text.plist.xml; path = SecureAPIKeys.plist; sourceTree = "<group>"; };
		10E91DF62B511B4C00F1AB4C /* LoginType.swift */ = {isa = PBXFileReference; lastKnownFileType = sourcecode.swift; path = LoginType.swift; sourceTree = "<group>"; };
		10EACEFE2B60CD25008DD202 /* TitleView.swift */ = {isa = PBXFileReference; lastKnownFileType = sourcecode.swift; path = TitleView.swift; sourceTree = "<group>"; };
		10EACF052B62750E008DD202 /* GoogleService-Info.plist */ = {isa = PBXFileReference; fileEncoding = 4; lastKnownFileType = text.plist.xml; path = "GoogleService-Info.plist"; sourceTree = "<group>"; };
		10EACF0A2B6298D0008DD202 /* ButtonTappedDelegate.swift */ = {isa = PBXFileReference; lastKnownFileType = sourcecode.swift; path = ButtonTappedDelegate.swift; sourceTree = "<group>"; };
		10EACF0C2B62A0F8008DD202 /* Comment.swift */ = {isa = PBXFileReference; lastKnownFileType = sourcecode.swift; path = Comment.swift; sourceTree = "<group>"; };
		10EACF0E2B62A6F4008DD202 /* CollectionCommentCell.swift */ = {isa = PBXFileReference; lastKnownFileType = sourcecode.swift; path = CollectionCommentCell.swift; sourceTree = "<group>"; };
		10EACF102B62A8DD008DD202 /* CommentCollectionViewCell.swift */ = {isa = PBXFileReference; lastKnownFileType = sourcecode.swift; path = CommentCollectionViewCell.swift; sourceTree = "<group>"; };
		10EACF122B63681D008DD202 /* EmptyView.swift */ = {isa = PBXFileReference; lastKnownFileType = sourcecode.swift; path = EmptyView.swift; sourceTree = "<group>"; };
		10EACF142B636E17008DD202 /* EmptyListCell.swift */ = {isa = PBXFileReference; lastKnownFileType = sourcecode.swift; path = EmptyListCell.swift; sourceTree = "<group>"; };
		10EBA1F32ADD5EE3006D3828 /* DongJibSa.entitlements */ = {isa = PBXFileReference; lastKnownFileType = text.plist.entitlements; path = DongJibSa.entitlements; sourceTree = "<group>"; };
/* End PBXFileReference section */

/* Begin PBXFrameworksBuildPhase section */
		103449812A71F2BC0096E45D /* Frameworks */ = {
			isa = PBXFrameworksBuildPhase;
			buildActionMask = 2147483647;
			files = (
				10E91DF52B51024000F1AB4C /* KakaoSDKCommon in Frameworks */,
				10EBA1F02ADD5A45006D3828 /* FirebaseAnalytics in Frameworks */,
				10E91DED2B51024000F1AB4C /* KakaoSDK in Frameworks */,
				10EBA1F22ADD5A45006D3828 /* FirebaseAuth in Frameworks */,
				10E91DF12B51024000F1AB4C /* KakaoSDKCert in Frameworks */,
				10344A772A8F72C20096E45D /* SnapKit in Frameworks */,
				10EACF092B627710008DD202 /* FirebaseDatabase in Frameworks */,
				10E91DEF2B51024000F1AB4C /* KakaoSDKAuth in Frameworks */,
				10E91DF32B51024000F1AB4C /* KakaoSDKCertCore in Frameworks */,
			);
			runOnlyForDeploymentPostprocessing = 0;
		};
/* End PBXFrameworksBuildPhase section */

/* Begin PBXGroup section */
		1034497B2A71F2BC0096E45D = {
			isa = PBXGroup;
			children = (
				103449862A71F2BC0096E45D /* DongJibSa */,
				103449852A71F2BC0096E45D /* Products */,
				10EACF072B627710008DD202 /* Frameworks */,
			);
			sourceTree = "<group>";
		};
		103449852A71F2BC0096E45D /* Products */ = {
			isa = PBXGroup;
			children = (
				103449842A71F2BC0096E45D /* DongJibSa.app */,
			);
			name = Products;
			sourceTree = "<group>";
		};
		103449862A71F2BC0096E45D /* DongJibSa */ = {
			isa = PBXGroup;
			children = (
				10EBA1F32ADD5EE3006D3828 /* DongJibSa.entitlements */,
				1034499E2A71F33A0096E45D /* Delegate */,
				1034499B2A71F31F0096E45D /* Model */,
				1034499C2A71F3280096E45D /* View */,
				1034499D2A71F32E0096E45D /* Controller */,
				10344A232A7BCF1D0096E45D /* Networking */,
				103449A42A720E540096E45D /* Extensions */,
				103449902A71F2BD0096E45D /* Assets.xcassets */,
				103449922A71F2BD0096E45D /* LaunchScreen.storyboard */,
				103449952A71F2BD0096E45D /* Info.plist */,
				10DEFCA22B56608900654B06 /* SecureAPIKeys.plist */,
				10EACF052B62750E008DD202 /* GoogleService-Info.plist */,
			);
			path = DongJibSa;
			sourceTree = "<group>";
		};
		1034499B2A71F31F0096E45D /* Model */ = {
			isa = PBXGroup;
			children = (
				10344A152A7A546D0096E45D /* OnboardingImage.swift */,
				103449F82A765E060096E45D /* MyPractice.swift */,
				10344A1E2A7AA3CA0096E45D /* Menu.swift */,
				10344A262A7BCF870096E45D /* Board.swift */,
				10A4437D2B5AA44A00E395AF /* ResponseRecipe.swift */,
				10344A5A2A7D55160096E45D /* Indicator.swift */,
				10DEFC9E2B55110900654B06 /* User.swift */,
				10EACF0C2B62A0F8008DD202 /* Comment.swift */,
			);
			path = Model;
			sourceTree = "<group>";
		};
		1034499C2A71F3280096E45D /* View */ = {
			isa = PBXGroup;
			children = (
				1034498D2A71F2BC0096E45D /* Main.storyboard */,
				103449E82A750EBF0096E45D /* Detail.storyboard */,
				10344A122A7A042D0096E45D /* Onboarding.storyboard */,
				10344A822A97259C0096E45D /* Login.storyboard */,
				103449AC2A725D960096E45D /* CustomCells */,
				1044AC632B356B8800189F02 /* CustomViews */,
			);
			path = View;
			sourceTree = "<group>";
		};
		1034499D2A71F32E0096E45D /* Controller */ = {
			isa = PBXGroup;
			children = (
				103449A22A720B6C0096E45D /* TabBarViewController.swift */,
				10344A0F2A7A02FC0096E45D /* Onboarding */,
				10344A7F2A971F420096E45D /* Login */,
				103449A72A7259DC0096E45D /* Home */,
				10344A192A7AA0DA0096E45D /* Search */,
				103449EF2A7641650096E45D /* MyPage */,
				1044AC852B3FECEF00189F02 /* Settings */,
			);
			path = Controller;
			sourceTree = "<group>";
		};
		1034499E2A71F33A0096E45D /* Delegate */ = {
			isa = PBXGroup;
			children = (
				103449872A71F2BC0096E45D /* AppDelegate.swift */,
				103449892A71F2BC0096E45D /* SceneDelegate.swift */,
			);
			path = Delegate;
			sourceTree = "<group>";
		};
		103449A42A720E540096E45D /* Extensions */ = {
			isa = PBXGroup;
			children = (
				103449A52A720E7F0096E45D /* Extension.swift */,
				10344A5C2A7DD5DD0096E45D /* ImageCacheManager.swift */,
				105B2CD12AEB809E00256FCA /* PhoneNumberFormat.swift */,
				1044AC6F2B3EEF7100189F02 /* CustomButton.swift */,
				10A443772B5A473800E395AF /* ToolTipButton.swift */,
				10E91DF62B511B4C00F1AB4C /* LoginType.swift */,
				10DEFC9C2B55043D00654B06 /* NickNameRandom.swift */,
				10A443892B5E47ED00E395AF /* Constant.swift */,
			);
			path = Extensions;
			sourceTree = "<group>";
		};
		103449A72A7259DC0096E45D /* Home */ = {
			isa = PBXGroup;
			children = (
				103449A82A725A110096E45D /* HomeViewController.swift */,
				103449AD2A726F2E0096E45D /* HomeViewController+TableViewController.swift */,
				103449AF2A729D460096E45D /* AddViewController.swift */,
				103449FA2A767F100096E45D /* AddRecipeViewController.swift */,
				10344A042A773E270096E45D /* AddRecipeViewController+TableViewController.swift */,
				10344A062A773E770096E45D /* AddRecipeViewController+CollectionViewController.swift */,
				103449BB2A73F06C0096E45D /* DetailViewController.swift */,
				103449ED2A763C0D0096E45D /* DetailViewController+TableViewController.swift */,
				10EACF0A2B6298D0008DD202 /* ButtonTappedDelegate.swift */,
			);
			path = Home;
			sourceTree = "<group>";
		};
		103449AC2A725D960096E45D /* CustomCells */ = {
			isa = PBXGroup;
			children = (
				103449AA2A725D8F0096E45D /* RecipeCell.swift */,
				103449B32A72B4B60096E45D /* PhotoCell.swift */,
				103449B52A73AAAA0096E45D /* IngredientsCell.swift */,
				103449BD2A7400900096E45D /* IngredientsInfoCell.swift */,
				103449BF2A7411460096E45D /* CommentCell.swift */,
				10EACF0E2B62A6F4008DD202 /* CollectionCommentCell.swift */,
				10EACF102B62A8DD008DD202 /* CommentCollectionViewCell.swift */,
				103449F22A7650750096E45D /* MyInfoCell.swift */,
				103449F42A765AA80096E45D /* MyRecipeCell.swift */,
				103449FC2A76830C0096E45D /* TextFieldCell.swift */,
				103449FE2A7692930096E45D /* DoneButtonCell.swift */,
				10344A002A76940A0096E45D /* DetailTextViewCell.swift */,
				10344A022A7697550096E45D /* EmptyCell.swift */,
				10EACF142B636E17008DD202 /* EmptyListCell.swift */,
				10344A172A7A55AC0096E45D /* OnboardingImageCell.swift */,
				10344A692A8677AD0096E45D /* LocationCell.swift */,
				10344A6B2A8677D20096E45D /* GuTableViewCell.swift */,
				10344A6D2A8677F10096E45D /* DongTableViewCell.swift */,
				10344A1C2A7AA3040096E45D /* SearchCell.swift */,
				10A4438B2B5E4F5F00E395AF /* RecipeTitleCell.swift */,
				10A4438D2B5E53F900E395AF /* RecipeContentCell.swift */,
				10344A0A2A778A320096E45D /* RecipeInfoCell.swift */,
				10A4438F2B5E555700E395AF /* CalorieCell.swift */,
				10A443972B5E95AB00E395AF /* IngredientListCell.swift */,
			);
			path = CustomCells;
			sourceTree = "<group>";
		};
		103449EF2A7641650096E45D /* MyPage */ = {
			isa = PBXGroup;
			children = (
				103449F02A7641860096E45D /* MyPageViewController.swift */,
				103449F62A765C2A0096E45D /* MyPageViewController+TableViewController.swift */,
				10C1CEF32B442AD3000A6B99 /* UpdateAndDeleteViewController.swift */,
			);
			path = MyPage;
			sourceTree = "<group>";
		};
		10344A0F2A7A02FC0096E45D /* Onboarding */ = {
			isa = PBXGroup;
			children = (
				10344A102A7A03700096E45D /* OnboardingViewController.swift */,
				10344A672A86776D0096E45D /* LocationSettingViewController.swift */,
				10344A6F2A8678910096E45D /* LocationSettingViewController+UICollectionView.swift */,
				10344A712A8678BA0096E45D /* LocationSettingViewController+UITableView.swift */,
			);
			path = Onboarding;
			sourceTree = "<group>";
		};
		10344A192A7AA0DA0096E45D /* Search */ = {
			isa = PBXGroup;
			children = (
				10344A1A2A7AA0EF0096E45D /* SearchViewController.swift */,
			);
			path = Search;
			sourceTree = "<group>";
		};
		10344A232A7BCF1D0096E45D /* Networking */ = {
			isa = PBXGroup;
			children = (
				10344A242A7BCF3B0096E45D /* Network.swift */,
			);
			path = Networking;
			sourceTree = "<group>";
		};
		10344A7F2A971F420096E45D /* Login */ = {
			isa = PBXGroup;
			children = (
				10344A802A971F650096E45D /* LoginViewController.swift */,
				10344A8A2A9C3D970096E45D /* PhoneCertifyViewController.swift */,
				10344A8E2A9DAD360096E45D /* TermsOfServiceViewController.swift */,
			);
			path = Login;
			sourceTree = "<group>";
		};
		1044AC632B356B8800189F02 /* CustomViews */ = {
			isa = PBXGroup;
			children = (
				10344A902A9DCA350096E45D /* TermsOfServiceView.swift */,
				10344A8C2A9C66B60096E45D /* PhoneCertifyView.swift */,
				10344A882A9BA5400096E45D /* LoginView.swift */,
				10C1CEEF2B442287000A6B99 /* MyPageBoardTitleView.swift */,
				10C1CEF12B44253B000A6B99 /* MyPageProfileView.swift */,
				10A443872B5E474A00E395AF /* ProfileHeaderView.swift */,
				10A443912B5E79CA00E395AF /* IngredientHeaderView.swift */,
				10A443932B5E7C0B00E395AF /* CommentHeaderView.swift */,
				10A443952B5E7D7F00E395AF /* CommentTextFieldHeaderView.swift */,
				10EACEFE2B60CD25008DD202 /* TitleView.swift */,
				10A443752B5A404600E395AF /* ToolTip.swift */,
				10A443732B5A36E900E395AF /* ToolTipView.swift */,
				10EACF122B63681D008DD202 /* EmptyView.swift */,
			);
			path = CustomViews;
			sourceTree = "<group>";
		};
		1044AC852B3FECEF00189F02 /* Settings */ = {
			isa = PBXGroup;
			children = (
				1044AC862B3FED2100189F02 /* SettingViewController.swift */,
				10C1CEE52B43EA4D000A6B99 /* SettingViewController+TableViewController.swift */,
				1044AC882B3FF04600189F02 /* DefaultSettingTableViewCell.swift */,
				1044AC8A2B404E3400189F02 /* CustomAlertViewController.swift */,
			);
			path = Settings;
			sourceTree = "<group>";
		};
		10EACF072B627710008DD202 /* Frameworks */ = {
			isa = PBXGroup;
			children = (
			);
			name = Frameworks;
			sourceTree = "<group>";
		};
/* End PBXGroup section */

/* Begin PBXNativeTarget section */
		103449832A71F2BC0096E45D /* DongJibSa */ = {
			isa = PBXNativeTarget;
			buildConfigurationList = 103449982A71F2BD0096E45D /* Build configuration list for PBXNativeTarget "DongJibSa" */;
			buildPhases = (
				103449802A71F2BC0096E45D /* Sources */,
				103449812A71F2BC0096E45D /* Frameworks */,
				103449822A71F2BC0096E45D /* Resources */,
			);
			buildRules = (
			);
			dependencies = (
			);
			name = DongJibSa;
			packageProductDependencies = (
				10344A762A8F72C20096E45D /* SnapKit */,
				10EBA1EF2ADD5A45006D3828 /* FirebaseAnalytics */,
				10EBA1F12ADD5A45006D3828 /* FirebaseAuth */,
				10E91DEC2B51024000F1AB4C /* KakaoSDK */,
				10E91DEE2B51024000F1AB4C /* KakaoSDKAuth */,
				10E91DF02B51024000F1AB4C /* KakaoSDKCert */,
				10E91DF22B51024000F1AB4C /* KakaoSDKCertCore */,
				10E91DF42B51024000F1AB4C /* KakaoSDKCommon */,
				10EACF082B627710008DD202 /* FirebaseDatabase */,
			);
			productName = DongJibSa;
			productReference = 103449842A71F2BC0096E45D /* DongJibSa.app */;
			productType = "com.apple.product-type.application";
		};
/* End PBXNativeTarget section */

/* Begin PBXProject section */
		1034497C2A71F2BC0096E45D /* Project object */ = {
			isa = PBXProject;
			attributes = {
				BuildIndependentTargetsInParallel = 1;
				LastSwiftUpdateCheck = 1420;
				LastUpgradeCheck = 1420;
				TargetAttributes = {
					103449832A71F2BC0096E45D = {
						CreatedOnToolsVersion = 14.2;
					};
				};
			};
			buildConfigurationList = 1034497F2A71F2BC0096E45D /* Build configuration list for PBXProject "DongJibSa" */;
			compatibilityVersion = "Xcode 14.0";
			developmentRegion = en;
			hasScannedForEncodings = 0;
			knownRegions = (
				en,
				Base,
			);
			mainGroup = 1034497B2A71F2BC0096E45D;
			packageReferences = (
				10344A752A8F72C20096E45D /* XCRemoteSwiftPackageReference "SnapKit" */,
				10EBA1EE2ADD5A45006D3828 /* XCRemoteSwiftPackageReference "firebase-ios-sdk" */,
				10E91DEB2B51024000F1AB4C /* XCRemoteSwiftPackageReference "kakao-ios-sdk" */,
			);
			productRefGroup = 103449852A71F2BC0096E45D /* Products */;
			projectDirPath = "";
			projectRoot = "";
			targets = (
				103449832A71F2BC0096E45D /* DongJibSa */,
			);
		};
/* End PBXProject section */

/* Begin PBXResourcesBuildPhase section */
		103449822A71F2BC0096E45D /* Resources */ = {
			isa = PBXResourcesBuildPhase;
			buildActionMask = 2147483647;
			files = (
				103449942A71F2BD0096E45D /* LaunchScreen.storyboard in Resources */,
				10EACF062B62750F008DD202 /* GoogleService-Info.plist in Resources */,
				10344A142A7A042D0096E45D /* Onboarding.storyboard in Resources */,
				10DEFCA32B56608900654B06 /* SecureAPIKeys.plist in Resources */,
				10344A832A97259C0096E45D /* Login.storyboard in Resources */,
				103449912A71F2BD0096E45D /* Assets.xcassets in Resources */,
				1034498F2A71F2BC0096E45D /* Main.storyboard in Resources */,
				103449EA2A750EBF0096E45D /* Detail.storyboard in Resources */,
			);
			runOnlyForDeploymentPostprocessing = 0;
		};
/* End PBXResourcesBuildPhase section */

/* Begin PBXSourcesBuildPhase section */
		103449802A71F2BC0096E45D /* Sources */ = {
			isa = PBXSourcesBuildPhase;
			buildActionMask = 2147483647;
			files = (
				1044AC702B3EEF7100189F02 /* CustomButton.swift in Sources */,
				103449BC2A73F06C0096E45D /* DetailViewController.swift in Sources */,
				10344A1D2A7AA3040096E45D /* SearchCell.swift in Sources */,
				10EACF0F2B62A6F4008DD202 /* CollectionCommentCell.swift in Sources */,
				10A4438E2B5E53F900E395AF /* RecipeContentCell.swift in Sources */,
				10A443962B5E7D7F00E395AF /* CommentTextFieldHeaderView.swift in Sources */,
				10344A0B2A778A320096E45D /* RecipeInfoCell.swift in Sources */,
				10A4437E2B5AA44A00E395AF /* ResponseRecipe.swift in Sources */,
				10A443902B5E555700E395AF /* CalorieCell.swift in Sources */,
				10EACF0B2B6298D0008DD202 /* ButtonTappedDelegate.swift in Sources */,
				10DEFC9F2B55110900654B06 /* User.swift in Sources */,
				10344A162A7A546D0096E45D /* OnboardingImage.swift in Sources */,
				10C1CEF22B44253B000A6B99 /* MyPageProfileView.swift in Sources */,
				10DEFC9D2B55043D00654B06 /* NickNameRandom.swift in Sources */,
				10344A892A9BA5400096E45D /* LoginView.swift in Sources */,
				10344A722A8678BA0096E45D /* LocationSettingViewController+UITableView.swift in Sources */,
				103449A62A720E7F0096E45D /* Extension.swift in Sources */,
				10344A252A7BCF3B0096E45D /* Network.swift in Sources */,
				10344A6A2A8677AD0096E45D /* LocationCell.swift in Sources */,
				103449F72A765C2A0096E45D /* MyPageViewController+TableViewController.swift in Sources */,
				10344A5D2A7DD5DD0096E45D /* ImageCacheManager.swift in Sources */,
				1044AC892B3FF04600189F02 /* DefaultSettingTableViewCell.swift in Sources */,
				10344A682A86776D0096E45D /* LocationSettingViewController.swift in Sources */,
				10344A182A7A55AC0096E45D /* OnboardingImageCell.swift in Sources */,
				10C1CEF42B442AD3000A6B99 /* UpdateAndDeleteViewController.swift in Sources */,
				10C1CEF02B442287000A6B99 /* MyPageBoardTitleView.swift in Sources */,
				103449AE2A726F2E0096E45D /* HomeViewController+TableViewController.swift in Sources */,
				103449B02A729D460096E45D /* AddViewController.swift in Sources */,
				10344A912A9DCA350096E45D /* TermsOfServiceView.swift in Sources */,
				10A443922B5E79CA00E395AF /* IngredientHeaderView.swift in Sources */,
				10344A5B2A7D55160096E45D /* Indicator.swift in Sources */,
				10A443742B5A36E900E395AF /* ToolTipView.swift in Sources */,
				103449C02A7411460096E45D /* CommentCell.swift in Sources */,
				10EACEFF2B60CD25008DD202 /* TitleView.swift in Sources */,
				103449A32A720B6C0096E45D /* TabBarViewController.swift in Sources */,
				10344A1B2A7AA0EF0096E45D /* SearchViewController.swift in Sources */,
				10E91DF72B511B4C00F1AB4C /* LoginType.swift in Sources */,
				10EACF132B63681D008DD202 /* EmptyView.swift in Sources */,
				10344A812A971F650096E45D /* LoginViewController.swift in Sources */,
				10EACF152B636E17008DD202 /* EmptyListCell.swift in Sources */,
				103449BE2A7400900096E45D /* IngredientsInfoCell.swift in Sources */,
				103449F92A765E060096E45D /* MyPractice.swift in Sources */,
				10C1CEE62B43EA4D000A6B99 /* SettingViewController+TableViewController.swift in Sources */,
				103449F12A7641860096E45D /* MyPageViewController.swift in Sources */,
				10A4438A2B5E47ED00E395AF /* Constant.swift in Sources */,
				10344A072A773E770096E45D /* AddRecipeViewController+CollectionViewController.swift in Sources */,
				105B2CD22AEB809E00256FCA /* PhoneNumberFormat.swift in Sources */,
				10344A052A773E270096E45D /* AddRecipeViewController+TableViewController.swift in Sources */,
				10344A272A7BCF870096E45D /* Board.swift in Sources */,
				10344A112A7A03700096E45D /* OnboardingViewController.swift in Sources */,
				10A443982B5E95AB00E395AF /* IngredientListCell.swift in Sources */,
				10344A8D2A9C66B60096E45D /* PhoneCertifyView.swift in Sources */,
				103449F52A765AA80096E45D /* MyRecipeCell.swift in Sources */,
				10EACF112B62A8DD008DD202 /* CommentCollectionViewCell.swift in Sources */,
				103449AB2A725D8F0096E45D /* RecipeCell.swift in Sources */,
				10A443882B5E474A00E395AF /* ProfileHeaderView.swift in Sources */,
				103449FD2A76830C0096E45D /* TextFieldCell.swift in Sources */,
				10344A032A7697550096E45D /* EmptyCell.swift in Sources */,
				10344A012A76940A0096E45D /* DetailTextViewCell.swift in Sources */,
				103449B42A72B4B60096E45D /* PhotoCell.swift in Sources */,
				10A443782B5A473800E395AF /* ToolTipButton.swift in Sources */,
				10A4438C2B5E4F5F00E395AF /* RecipeTitleCell.swift in Sources */,
				103449882A71F2BC0096E45D /* AppDelegate.swift in Sources */,
				10344A702A8678910096E45D /* LocationSettingViewController+UICollectionView.swift in Sources */,
				103449FB2A767F100096E45D /* AddRecipeViewController.swift in Sources */,
				1044AC872B3FED2100189F02 /* SettingViewController.swift in Sources */,
				10A443762B5A404600E395AF /* ToolTip.swift in Sources */,
				1034498A2A71F2BC0096E45D /* SceneDelegate.swift in Sources */,
				1044AC8B2B404E3400189F02 /* CustomAlertViewController.swift in Sources */,
				10344A8F2A9DAD360096E45D /* TermsOfServiceViewController.swift in Sources */,
				10344A6C2A8677D20096E45D /* GuTableViewCell.swift in Sources */,
				103449FF2A7692930096E45D /* DoneButtonCell.swift in Sources */,
				103449EE2A763C0D0096E45D /* DetailViewController+TableViewController.swift in Sources */,
				10344A6E2A8677F10096E45D /* DongTableViewCell.swift in Sources */,
				10344A8B2A9C3D970096E45D /* PhoneCertifyViewController.swift in Sources */,
				10344A1F2A7AA3CA0096E45D /* Menu.swift in Sources */,
				10EACF0D2B62A0F8008DD202 /* Comment.swift in Sources */,
				10A443942B5E7C0B00E395AF /* CommentHeaderView.swift in Sources */,
				103449F32A7650750096E45D /* MyInfoCell.swift in Sources */,
				103449B62A73AAAA0096E45D /* IngredientsCell.swift in Sources */,
				103449A92A725A110096E45D /* HomeViewController.swift in Sources */,
			);
			runOnlyForDeploymentPostprocessing = 0;
		};
/* End PBXSourcesBuildPhase section */

/* Begin PBXVariantGroup section */
		1034498D2A71F2BC0096E45D /* Main.storyboard */ = {
			isa = PBXVariantGroup;
			children = (
				1034498E2A71F2BC0096E45D /* Base */,
			);
			name = Main.storyboard;
			sourceTree = "<group>";
		};
		103449922A71F2BD0096E45D /* LaunchScreen.storyboard */ = {
			isa = PBXVariantGroup;
			children = (
				103449932A71F2BD0096E45D /* Base */,
			);
			name = LaunchScreen.storyboard;
			sourceTree = "<group>";
		};
		103449E82A750EBF0096E45D /* Detail.storyboard */ = {
			isa = PBXVariantGroup;
			children = (
				103449E92A750EBF0096E45D /* Base */,
			);
			name = Detail.storyboard;
			sourceTree = "<group>";
		};
		10344A122A7A042D0096E45D /* Onboarding.storyboard */ = {
			isa = PBXVariantGroup;
			children = (
				10344A132A7A042D0096E45D /* Base */,
			);
			name = Onboarding.storyboard;
			sourceTree = "<group>";
		};
/* End PBXVariantGroup section */

/* Begin XCBuildConfiguration section */
		103449962A71F2BD0096E45D /* Debug */ = {
			isa = XCBuildConfiguration;
			buildSettings = {
				ALWAYS_SEARCH_USER_PATHS = NO;
				CLANG_ANALYZER_NONNULL = YES;
				CLANG_ANALYZER_NUMBER_OBJECT_CONVERSION = YES_AGGRESSIVE;
				CLANG_CXX_LANGUAGE_STANDARD = "gnu++20";
				CLANG_ENABLE_MODULES = YES;
				CLANG_ENABLE_OBJC_ARC = YES;
				CLANG_ENABLE_OBJC_WEAK = YES;
				CLANG_WARN_BLOCK_CAPTURE_AUTORELEASING = YES;
				CLANG_WARN_BOOL_CONVERSION = YES;
				CLANG_WARN_COMMA = YES;
				CLANG_WARN_CONSTANT_CONVERSION = YES;
				CLANG_WARN_DEPRECATED_OBJC_IMPLEMENTATIONS = YES;
				CLANG_WARN_DIRECT_OBJC_ISA_USAGE = YES_ERROR;
				CLANG_WARN_DOCUMENTATION_COMMENTS = YES;
				CLANG_WARN_EMPTY_BODY = YES;
				CLANG_WARN_ENUM_CONVERSION = YES;
				CLANG_WARN_INFINITE_RECURSION = YES;
				CLANG_WARN_INT_CONVERSION = YES;
				CLANG_WARN_NON_LITERAL_NULL_CONVERSION = YES;
				CLANG_WARN_OBJC_IMPLICIT_RETAIN_SELF = YES;
				CLANG_WARN_OBJC_LITERAL_CONVERSION = YES;
				CLANG_WARN_OBJC_ROOT_CLASS = YES_ERROR;
				CLANG_WARN_QUOTED_INCLUDE_IN_FRAMEWORK_HEADER = YES;
				CLANG_WARN_RANGE_LOOP_ANALYSIS = YES;
				CLANG_WARN_STRICT_PROTOTYPES = YES;
				CLANG_WARN_SUSPICIOUS_MOVE = YES;
				CLANG_WARN_UNGUARDED_AVAILABILITY = YES_AGGRESSIVE;
				CLANG_WARN_UNREACHABLE_CODE = YES;
				CLANG_WARN__DUPLICATE_METHOD_MATCH = YES;
				COPY_PHASE_STRIP = NO;
				DEBUG_INFORMATION_FORMAT = dwarf;
				ENABLE_STRICT_OBJC_MSGSEND = YES;
				ENABLE_TESTABILITY = YES;
				GCC_C_LANGUAGE_STANDARD = gnu11;
				GCC_DYNAMIC_NO_PIC = NO;
				GCC_NO_COMMON_BLOCKS = YES;
				GCC_OPTIMIZATION_LEVEL = 0;
				GCC_PREPROCESSOR_DEFINITIONS = (
					"DEBUG=1",
					"$(inherited)",
				);
				GCC_WARN_64_TO_32_BIT_CONVERSION = YES;
				GCC_WARN_ABOUT_RETURN_TYPE = YES_ERROR;
				GCC_WARN_UNDECLARED_SELECTOR = YES;
				GCC_WARN_UNINITIALIZED_AUTOS = YES_AGGRESSIVE;
				GCC_WARN_UNUSED_FUNCTION = YES;
				GCC_WARN_UNUSED_VARIABLE = YES;
				IPHONEOS_DEPLOYMENT_TARGET = 15.0;
				MTL_ENABLE_DEBUG_INFO = INCLUDE_SOURCE;
				MTL_FAST_MATH = YES;
				ONLY_ACTIVE_ARCH = YES;
				SDKROOT = iphoneos;
				SWIFT_ACTIVE_COMPILATION_CONDITIONS = DEBUG;
				SWIFT_OPTIMIZATION_LEVEL = "-Onone";
			};
			name = Debug;
		};
		103449972A71F2BD0096E45D /* Release */ = {
			isa = XCBuildConfiguration;
			buildSettings = {
				ALWAYS_SEARCH_USER_PATHS = NO;
				CLANG_ANALYZER_NONNULL = YES;
				CLANG_ANALYZER_NUMBER_OBJECT_CONVERSION = YES_AGGRESSIVE;
				CLANG_CXX_LANGUAGE_STANDARD = "gnu++20";
				CLANG_ENABLE_MODULES = YES;
				CLANG_ENABLE_OBJC_ARC = YES;
				CLANG_ENABLE_OBJC_WEAK = YES;
				CLANG_WARN_BLOCK_CAPTURE_AUTORELEASING = YES;
				CLANG_WARN_BOOL_CONVERSION = YES;
				CLANG_WARN_COMMA = YES;
				CLANG_WARN_CONSTANT_CONVERSION = YES;
				CLANG_WARN_DEPRECATED_OBJC_IMPLEMENTATIONS = YES;
				CLANG_WARN_DIRECT_OBJC_ISA_USAGE = YES_ERROR;
				CLANG_WARN_DOCUMENTATION_COMMENTS = YES;
				CLANG_WARN_EMPTY_BODY = YES;
				CLANG_WARN_ENUM_CONVERSION = YES;
				CLANG_WARN_INFINITE_RECURSION = YES;
				CLANG_WARN_INT_CONVERSION = YES;
				CLANG_WARN_NON_LITERAL_NULL_CONVERSION = YES;
				CLANG_WARN_OBJC_IMPLICIT_RETAIN_SELF = YES;
				CLANG_WARN_OBJC_LITERAL_CONVERSION = YES;
				CLANG_WARN_OBJC_ROOT_CLASS = YES_ERROR;
				CLANG_WARN_QUOTED_INCLUDE_IN_FRAMEWORK_HEADER = YES;
				CLANG_WARN_RANGE_LOOP_ANALYSIS = YES;
				CLANG_WARN_STRICT_PROTOTYPES = YES;
				CLANG_WARN_SUSPICIOUS_MOVE = YES;
				CLANG_WARN_UNGUARDED_AVAILABILITY = YES_AGGRESSIVE;
				CLANG_WARN_UNREACHABLE_CODE = YES;
				CLANG_WARN__DUPLICATE_METHOD_MATCH = YES;
				COPY_PHASE_STRIP = NO;
				DEBUG_INFORMATION_FORMAT = "dwarf-with-dsym";
				ENABLE_NS_ASSERTIONS = NO;
				ENABLE_STRICT_OBJC_MSGSEND = YES;
				GCC_C_LANGUAGE_STANDARD = gnu11;
				GCC_NO_COMMON_BLOCKS = YES;
				GCC_WARN_64_TO_32_BIT_CONVERSION = YES;
				GCC_WARN_ABOUT_RETURN_TYPE = YES_ERROR;
				GCC_WARN_UNDECLARED_SELECTOR = YES;
				GCC_WARN_UNINITIALIZED_AUTOS = YES_AGGRESSIVE;
				GCC_WARN_UNUSED_FUNCTION = YES;
				GCC_WARN_UNUSED_VARIABLE = YES;
				IPHONEOS_DEPLOYMENT_TARGET = 15.0;
				MTL_ENABLE_DEBUG_INFO = NO;
				MTL_FAST_MATH = YES;
				SDKROOT = iphoneos;
				SWIFT_COMPILATION_MODE = wholemodule;
				SWIFT_OPTIMIZATION_LEVEL = "-O";
				VALIDATE_PRODUCT = YES;
			};
			name = Release;
		};
		103449992A71F2BD0096E45D /* Debug */ = {
			isa = XCBuildConfiguration;
			buildSettings = {
				ASSETCATALOG_COMPILER_APPICON_NAME = AppIcon;
				ASSETCATALOG_COMPILER_GLOBAL_ACCENT_COLOR_NAME = AccentColor;
				CODE_SIGN_ENTITLEMENTS = DongJibSa/DongJibSa.entitlements;
				CODE_SIGN_STYLE = Automatic;
				CURRENT_PROJECT_VERSION = 20;
				DEVELOPMENT_TEAM = CZ4858BW64;
				GENERATE_INFOPLIST_FILE = YES;
				INFOPLIST_FILE = DongJibSa/Info.plist;
				INFOPLIST_KEY_CFBundleDisplayName = OurBasket;
				INFOPLIST_KEY_LSApplicationCategoryType = "public.app-category.lifestyle";
				INFOPLIST_KEY_UIApplicationSupportsIndirectInputEvents = YES;
				INFOPLIST_KEY_UILaunchStoryboardName = LaunchScreen;
				INFOPLIST_KEY_UIMainStoryboardFile = Main;
				INFOPLIST_KEY_UIRequiresFullScreen = YES;
				INFOPLIST_KEY_UISupportedInterfaceOrientations = UIInterfaceOrientationPortrait;
				INFOPLIST_KEY_UIUserInterfaceStyle = Light;
				IPHONEOS_DEPLOYMENT_TARGET = 15.0;
				LD_RUNPATH_SEARCH_PATHS = (
					"$(inherited)",
					"@executable_path/Frameworks",
				);
				MARKETING_VERSION = 1.0.0;
				PRODUCT_BUNDLE_IDENTIFIER = com.hyeji.DongJibSa;
				PRODUCT_NAME = "$(TARGET_NAME)";
				SUPPORTED_PLATFORMS = "iphoneos iphonesimulator";
				SUPPORTS_MACCATALYST = NO;
				SUPPORTS_MAC_DESIGNED_FOR_IPHONE_IPAD = NO;
				SWIFT_EMIT_LOC_STRINGS = YES;
				SWIFT_VERSION = 5.0;
				TARGETED_DEVICE_FAMILY = 1;
			};
			name = Debug;
		};
		1034499A2A71F2BD0096E45D /* Release */ = {
			isa = XCBuildConfiguration;
			buildSettings = {
				ASSETCATALOG_COMPILER_APPICON_NAME = AppIcon;
				ASSETCATALOG_COMPILER_GLOBAL_ACCENT_COLOR_NAME = AccentColor;
				CODE_SIGN_ENTITLEMENTS = DongJibSa/DongJibSa.entitlements;
				CODE_SIGN_STYLE = Automatic;
				CURRENT_PROJECT_VERSION = 20;
				DEVELOPMENT_TEAM = CZ4858BW64;
				GENERATE_INFOPLIST_FILE = YES;
				INFOPLIST_FILE = DongJibSa/Info.plist;
				INFOPLIST_KEY_CFBundleDisplayName = OurBasket;
				INFOPLIST_KEY_LSApplicationCategoryType = "public.app-category.lifestyle";
				INFOPLIST_KEY_UIApplicationSupportsIndirectInputEvents = YES;
				INFOPLIST_KEY_UILaunchStoryboardName = LaunchScreen;
				INFOPLIST_KEY_UIMainStoryboardFile = Main;
				INFOPLIST_KEY_UIRequiresFullScreen = YES;
				INFOPLIST_KEY_UISupportedInterfaceOrientations = UIInterfaceOrientationPortrait;
				INFOPLIST_KEY_UIUserInterfaceStyle = Light;
				IPHONEOS_DEPLOYMENT_TARGET = 15.0;
				LD_RUNPATH_SEARCH_PATHS = (
					"$(inherited)",
					"@executable_path/Frameworks",
				);
				MARKETING_VERSION = 1.0.0;
				PRODUCT_BUNDLE_IDENTIFIER = com.hyeji.DongJibSa;
				PRODUCT_NAME = "$(TARGET_NAME)";
				SUPPORTED_PLATFORMS = "iphoneos iphonesimulator";
				SUPPORTS_MACCATALYST = NO;
				SUPPORTS_MAC_DESIGNED_FOR_IPHONE_IPAD = NO;
				SWIFT_EMIT_LOC_STRINGS = YES;
				SWIFT_VERSION = 5.0;
				TARGETED_DEVICE_FAMILY = 1;
			};
			name = Release;
		};
/* End XCBuildConfiguration section */

/* Begin XCConfigurationList section */
		1034497F2A71F2BC0096E45D /* Build configuration list for PBXProject "DongJibSa" */ = {
			isa = XCConfigurationList;
			buildConfigurations = (
				103449962A71F2BD0096E45D /* Debug */,
				103449972A71F2BD0096E45D /* Release */,
			);
			defaultConfigurationIsVisible = 0;
			defaultConfigurationName = Release;
		};
		103449982A71F2BD0096E45D /* Build configuration list for PBXNativeTarget "DongJibSa" */ = {
			isa = XCConfigurationList;
			buildConfigurations = (
				103449992A71F2BD0096E45D /* Debug */,
				1034499A2A71F2BD0096E45D /* Release */,
			);
			defaultConfigurationIsVisible = 0;
			defaultConfigurationName = Release;
		};
/* End XCConfigurationList section */

/* Begin XCRemoteSwiftPackageReference section */
		10344A752A8F72C20096E45D /* XCRemoteSwiftPackageReference "SnapKit" */ = {
			isa = XCRemoteSwiftPackageReference;
			repositoryURL = "https://github.com/SnapKit/SnapKit.git";
			requirement = {
				kind = upToNextMajorVersion;
				minimumVersion = 5.0.0;
			};
		};
		10E91DEB2B51024000F1AB4C /* XCRemoteSwiftPackageReference "kakao-ios-sdk" */ = {
			isa = XCRemoteSwiftPackageReference;
			repositoryURL = "https://github.com/kakao/kakao-ios-sdk";
			requirement = {
				branch = master;
				kind = branch;
			};
		};
		10EBA1EE2ADD5A45006D3828 /* XCRemoteSwiftPackageReference "firebase-ios-sdk" */ = {
			isa = XCRemoteSwiftPackageReference;
			repositoryURL = "https://github.com/firebase/firebase-ios-sdk";
			requirement = {
				kind = upToNextMajorVersion;
				minimumVersion = 9.0.0;
			};
		};
/* End XCRemoteSwiftPackageReference section */

/* Begin XCSwiftPackageProductDependency section */
		10344A762A8F72C20096E45D /* SnapKit */ = {
			isa = XCSwiftPackageProductDependency;
			package = 10344A752A8F72C20096E45D /* XCRemoteSwiftPackageReference "SnapKit" */;
			productName = SnapKit;
		};
		10E91DEC2B51024000F1AB4C /* KakaoSDK */ = {
			isa = XCSwiftPackageProductDependency;
			package = 10E91DEB2B51024000F1AB4C /* XCRemoteSwiftPackageReference "kakao-ios-sdk" */;
			productName = KakaoSDK;
		};
		10E91DEE2B51024000F1AB4C /* KakaoSDKAuth */ = {
			isa = XCSwiftPackageProductDependency;
			package = 10E91DEB2B51024000F1AB4C /* XCRemoteSwiftPackageReference "kakao-ios-sdk" */;
			productName = KakaoSDKAuth;
		};
		10E91DF02B51024000F1AB4C /* KakaoSDKCert */ = {
			isa = XCSwiftPackageProductDependency;
			package = 10E91DEB2B51024000F1AB4C /* XCRemoteSwiftPackageReference "kakao-ios-sdk" */;
			productName = KakaoSDKCert;
		};
		10E91DF22B51024000F1AB4C /* KakaoSDKCertCore */ = {
			isa = XCSwiftPackageProductDependency;
			package = 10E91DEB2B51024000F1AB4C /* XCRemoteSwiftPackageReference "kakao-ios-sdk" */;
			productName = KakaoSDKCertCore;
		};
		10E91DF42B51024000F1AB4C /* KakaoSDKCommon */ = {
			isa = XCSwiftPackageProductDependency;
			package = 10E91DEB2B51024000F1AB4C /* XCRemoteSwiftPackageReference "kakao-ios-sdk" */;
			productName = KakaoSDKCommon;
		};
		10EACF082B627710008DD202 /* FirebaseDatabase */ = {
			isa = XCSwiftPackageProductDependency;
			package = 10EBA1EE2ADD5A45006D3828 /* XCRemoteSwiftPackageReference "firebase-ios-sdk" */;
			productName = FirebaseDatabase;
		};
		10EBA1EF2ADD5A45006D3828 /* FirebaseAnalytics */ = {
			isa = XCSwiftPackageProductDependency;
			package = 10EBA1EE2ADD5A45006D3828 /* XCRemoteSwiftPackageReference "firebase-ios-sdk" */;
			productName = FirebaseAnalytics;
		};
		10EBA1F12ADD5A45006D3828 /* FirebaseAuth */ = {
			isa = XCSwiftPackageProductDependency;
			package = 10EBA1EE2ADD5A45006D3828 /* XCRemoteSwiftPackageReference "firebase-ios-sdk" */;
			productName = FirebaseAuth;
		};
/* End XCSwiftPackageProductDependency section */
	};
	rootObject = 1034497C2A71F2BC0096E45D /* Project object */;
}
